<?xml version="1.0" encoding="utf-8"?>
<Project ToolsVersion="4.0" xmlns="http://schemas.microsoft.com/developer/msbuild/2003">
  <ItemGroup>
    <Filter Include="Source Files">
      <UniqueIdentifier>{4FC737F1-C7A5-4376-A066-2A32D752A2FF}</UniqueIdentifier>
      <Extensions>cpp;c;cc;cxx;def;odl;idl;hpj;bat;asm;asmx</Extensions>
    </Filter>
    <Filter Include="Header Files">
      <UniqueIdentifier>{93995380-89BD-4b04-88EB-625FBE52EBFB}</UniqueIdentifier>
      <Extensions>h;hh;hpp;hxx;hm;inl;inc;xsd</Extensions>
    </Filter>
    <Filter Include="Resource Files">
      <UniqueIdentifier>{67DA6AB6-F800-4c08-8B7A-83BB121AAD01}</UniqueIdentifier>
      <Extensions>rc;ico;cur;bmp;dlg;rc2;rct;bin;rgs;gif;jpg;jpeg;jpe;resx;tiff;tif;png;wav;mfcribbon-ms</Extensions>
    </Filter>
    <Filter Include="Header Files\kre">
      <UniqueIdentifier>{56401d5e-3806-4274-b3dc-3963fd9b0adb}</UniqueIdentifier>
    </Filter>
    <Filter Include="Header Files\svg">
      <UniqueIdentifier>{1fdba8ef-4108-44ac-813e-c7759f245999}</UniqueIdentifier>
    </Filter>
    <Filter Include="Source Files\kre">
      <UniqueIdentifier>{a1e2d246-ccc0-4888-bddf-502c7f8aeff3}</UniqueIdentifier>
    </Filter>
    <Filter Include="Source Files\svg">
      <UniqueIdentifier>{661cf2de-cf6b-496b-822c-ee6b0b0273ab}</UniqueIdentifier>
    </Filter>
    <Filter Include="Header Files\tiled">
      <UniqueIdentifier>{4c77de95-4c9c-432b-ac10-409d80f11790}</UniqueIdentifier>
    </Filter>
    <Filter Include="Source Files\tiled">
      <UniqueIdentifier>{d4f15d9e-20e2-42ea-b59d-21bd41826c6a}</UniqueIdentifier>
    </Filter>
    <Filter Include="Source Files\hex">
      <UniqueIdentifier>{6a3b1c26-f105-4d81-bb0a-e07aefff005a}</UniqueIdentifier>
    </Filter>
    <Filter Include="Header Files\hex">
      <UniqueIdentifier>{390def7e-d97f-42ec-9da8-6356c2b69cb8}</UniqueIdentifier>
    </Filter>
    <Filter Include="Source Files\xhtml">
      <UniqueIdentifier>{687d6b8c-369e-4be0-9b5b-4b00c8d73147}</UniqueIdentifier>
    </Filter>
    <Filter Include="Header Files\xhtml">
      <UniqueIdentifier>{d2b79313-1931-4f32-b109-a9e9b16dfa4d}</UniqueIdentifier>
    </Filter>
  </ItemGroup>
  <ItemGroup>
    <ClInclude Include="..\..\src\achievements.hpp">
      <Filter>Header Files</Filter>
    </ClInclude>
    <ClInclude Include="..\..\src\animation_creator.hpp">
      <Filter>Header Files</Filter>
    </ClInclude>
    <ClInclude Include="..\..\src\animation_preview_widget.hpp">
      <Filter>Header Files</Filter>
    </ClInclude>
    <ClInclude Include="..\..\src\animation_widget.hpp">
      <Filter>Header Files</Filter>
    </ClInclude>
    <ClInclude Include="..\..\src\anura_shader.hpp">
      <Filter>Header Files</Filter>
    </ClInclude>
    <ClInclude Include="..\..\src\Appirater.h">
      <Filter>Header Files</Filter>
    </ClInclude>
    <ClInclude Include="..\..\src\array_callable.hpp">
      <Filter>Header Files</Filter>
    </ClInclude>
    <ClInclude Include="..\..\src\asserts.hpp">
      <Filter>Header Files</Filter>
    </ClInclude>
    <ClInclude Include="..\..\src\auto_update_window.hpp">
      <Filter>Header Files</Filter>
    </ClInclude>
    <ClInclude Include="..\..\src\b2d_ffl.hpp">
      <Filter>Header Files</Filter>
    </ClInclude>
    <ClInclude Include="..\..\src\background.hpp">
      <Filter>Header Files</Filter>
    </ClInclude>
    <ClInclude Include="..\..\src\background_task_pool.hpp">
      <Filter>Header Files</Filter>
    </ClInclude>
    <ClInclude Include="..\..\src\bar_widget.hpp">
      <Filter>Header Files</Filter>
    </ClInclude>
    <ClInclude Include="..\..\src\base64.hpp">
      <Filter>Header Files</Filter>
    </ClInclude>
    <ClInclude Include="..\..\src\blur.hpp">
      <Filter>Header Files</Filter>
    </ClInclude>
    <ClInclude Include="..\..\src\border_widget.hpp">
      <Filter>Header Files</Filter>
    </ClInclude>
    <ClInclude Include="..\..\src\button.hpp">
      <Filter>Header Files</Filter>
    </ClInclude>
    <ClInclude Include="..\..\src\cairo.hpp">
      <Filter>Header Files</Filter>
    </ClInclude>
    <ClInclude Include="..\..\src\character_editor_dialog.hpp">
      <Filter>Header Files</Filter>
    </ClInclude>
    <ClInclude Include="..\..\src\checkbox.hpp">
      <Filter>Header Files</Filter>
    </ClInclude>
    <ClInclude Include="..\..\src\checksum.hpp">
      <Filter>Header Files</Filter>
    </ClInclude>
    <ClInclude Include="..\..\src\clipboard.hpp">
      <Filter>Header Files</Filter>
    </ClInclude>
    <ClInclude Include="..\..\src\code_editor_dialog.hpp">
      <Filter>Header Files</Filter>
    </ClInclude>
    <ClInclude Include="..\..\src\code_editor_widget.hpp">
      <Filter>Header Files</Filter>
    </ClInclude>
    <ClInclude Include="..\..\src\collision_utils.hpp">
      <Filter>Header Files</Filter>
    </ClInclude>
    <ClInclude Include="..\..\src\color_picker.hpp">
      <Filter>Header Files</Filter>
    </ClInclude>
    <ClInclude Include="..\..\src\ColorTransform.hpp">
      <Filter>Header Files</Filter>
    </ClInclude>
    <ClInclude Include="..\..\src\compress.hpp">
      <Filter>Header Files</Filter>
    </ClInclude>
    <ClInclude Include="..\..\src\concurrent_cache.hpp">
      <Filter>Header Files</Filter>
    </ClInclude>
    <ClInclude Include="..\..\src\controls.hpp">
      <Filter>Header Files</Filter>
    </ClInclude>
    <ClInclude Include="..\..\src\controls_dialog.hpp">
      <Filter>Header Files</Filter>
    </ClInclude>
    <ClInclude Include="..\..\src\current_generator.hpp">
      <Filter>Header Files</Filter>
    </ClInclude>
    <ClInclude Include="..\..\src\custom_object.hpp">
      <Filter>Header Files</Filter>
    </ClInclude>
    <ClInclude Include="..\..\src\custom_object_callable.hpp">
      <Filter>Header Files</Filter>
    </ClInclude>
    <ClInclude Include="..\..\src\custom_object_dialog.hpp">
      <Filter>Header Files</Filter>
    </ClInclude>
    <ClInclude Include="..\..\src\custom_object_functions.hpp">
      <Filter>Header Files</Filter>
    </ClInclude>
    <ClInclude Include="..\..\src\custom_object_type.hpp">
      <Filter>Header Files</Filter>
    </ClInclude>
    <ClInclude Include="..\..\src\db_client.hpp">
      <Filter>Header Files</Filter>
    </ClInclude>
    <ClInclude Include="..\..\src\debug_console.hpp">
      <Filter>Header Files</Filter>
    </ClInclude>
    <ClInclude Include="..\..\src\decimal.hpp">
      <Filter>Header Files</Filter>
    </ClInclude>
    <ClInclude Include="..\..\src\dialog.hpp">
      <Filter>Header Files</Filter>
    </ClInclude>
    <ClInclude Include="..\..\src\difficulty.hpp">
      <Filter>Header Files</Filter>
    </ClInclude>
    <ClInclude Include="..\..\src\distortion.hpp">
      <Filter>Header Files</Filter>
    </ClInclude>
    <ClInclude Include="..\..\src\drag_widget.hpp">
      <Filter>Header Files</Filter>
    </ClInclude>
    <ClInclude Include="..\..\src\draw_primitive.hpp">
      <Filter>Header Files</Filter>
    </ClInclude>
    <ClInclude Include="..\..\src\draw_primitive_fwd.hpp">
      <Filter>Header Files</Filter>
    </ClInclude>
    <ClInclude Include="..\..\src\draw_scene.hpp">
      <Filter>Header Files</Filter>
    </ClInclude>
    <ClInclude Include="..\..\src\draw_tile.hpp">
      <Filter>Header Files</Filter>
    </ClInclude>
    <ClInclude Include="..\..\src\dropdown_widget.hpp">
      <Filter>Header Files</Filter>
    </ClInclude>
    <ClInclude Include="..\..\src\editor.hpp">
      <Filter>Header Files</Filter>
    </ClInclude>
    <ClInclude Include="..\..\src\editor_dialogs.hpp">
      <Filter>Header Files</Filter>
    </ClInclude>
    <ClInclude Include="..\..\src\editor_formula_functions.hpp">
      <Filter>Header Files</Filter>
    </ClInclude>
    <ClInclude Include="..\..\src\editor_layers_dialog.hpp">
      <Filter>Header Files</Filter>
    </ClInclude>
    <ClInclude Include="..\..\src\editor_level_properties_dialog.hpp">
      <Filter>Header Files</Filter>
    </ClInclude>
    <ClInclude Include="..\..\src\editor_module_properties_dialog.hpp">
      <Filter>Header Files</Filter>
    </ClInclude>
    <ClInclude Include="..\..\src\editor_stats_dialog.hpp">
      <Filter>Header Files</Filter>
    </ClInclude>
    <ClInclude Include="..\..\src\editor_variable_info.hpp">
      <Filter>Header Files</Filter>
    </ClInclude>
    <ClInclude Include="..\..\src\eglport.h">
      <Filter>Header Files</Filter>
    </ClInclude>
    <ClInclude Include="..\..\src\entity.hpp">
      <Filter>Header Files</Filter>
    </ClInclude>
    <ClInclude Include="..\..\src\entity_fwd.hpp">
      <Filter>Header Files</Filter>
    </ClInclude>
    <ClInclude Include="..\..\src\external_text_editor.hpp">
      <Filter>Header Files</Filter>
    </ClInclude>
    <ClInclude Include="..\..\src\ffl_weak_ptr.hpp">
      <Filter>Header Files</Filter>
    </ClInclude>
    <ClInclude Include="..\..\src\file_chooser_dialog.hpp">
      <Filter>Header Files</Filter>
    </ClInclude>
    <ClInclude Include="..\..\src\filesystem.hpp">
      <Filter>Header Files</Filter>
    </ClInclude>
    <ClInclude Include="..\..\src\formatter.hpp">
      <Filter>Header Files</Filter>
    </ClInclude>
    <ClInclude Include="..\..\src\formula.hpp">
      <Filter>Header Files</Filter>
    </ClInclude>
    <ClInclude Include="..\..\src\formula_callable.hpp">
      <Filter>Header Files</Filter>
    </ClInclude>
    <ClInclude Include="..\..\src\formula_callable_definition.hpp">
      <Filter>Header Files</Filter>
    </ClInclude>
    <ClInclude Include="..\..\src\formula_callable_definition_fwd.hpp">
      <Filter>Header Files</Filter>
    </ClInclude>
    <ClInclude Include="..\..\src\formula_callable_utils.hpp">
      <Filter>Header Files</Filter>
    </ClInclude>
    <ClInclude Include="..\..\src\formula_callable_visitor.hpp">
      <Filter>Header Files</Filter>
    </ClInclude>
    <ClInclude Include="..\..\src\formula_constants.hpp">
      <Filter>Header Files</Filter>
    </ClInclude>
    <ClInclude Include="..\..\src\formula_function.hpp">
      <Filter>Header Files</Filter>
    </ClInclude>
    <ClInclude Include="..\..\src\formula_function_registry.hpp">
      <Filter>Header Files</Filter>
    </ClInclude>
    <ClInclude Include="..\..\src\formula_fwd.hpp">
      <Filter>Header Files</Filter>
    </ClInclude>
    <ClInclude Include="..\..\src\formula_interface.hpp">
      <Filter>Header Files</Filter>
    </ClInclude>
    <ClInclude Include="..\..\src\formula_object.hpp">
      <Filter>Header Files</Filter>
    </ClInclude>
    <ClInclude Include="..\..\src\formula_profiler.hpp">
      <Filter>Header Files</Filter>
    </ClInclude>
    <ClInclude Include="..\..\src\formula_tokenizer.hpp">
      <Filter>Header Files</Filter>
    </ClInclude>
    <ClInclude Include="..\..\src\formula_variable_storage.hpp">
      <Filter>Header Files</Filter>
    </ClInclude>
    <ClInclude Include="..\..\src\formula_visualize_widget.hpp">
      <Filter>Header Files</Filter>
    </ClInclude>
    <ClInclude Include="..\..\src\frame.hpp">
      <Filter>Header Files</Filter>
    </ClInclude>
    <ClInclude Include="..\..\src\framed_gui_element.hpp">
      <Filter>Header Files</Filter>
    </ClInclude>
    <ClInclude Include="..\..\src\ft_iface.hpp">
      <Filter>Header Files</Filter>
    </ClInclude>
    <ClInclude Include="..\..\src\game_registry.hpp">
      <Filter>Header Files</Filter>
    </ClInclude>
    <ClInclude Include="..\..\src\geometry_callable.hpp">
      <Filter>Header Files</Filter>
    </ClInclude>
    <ClInclude Include="..\..\src\globals.h">
      <Filter>Header Files</Filter>
    </ClInclude>
    <ClInclude Include="..\..\src\graphical_font.hpp">
      <Filter>Header Files</Filter>
    </ClInclude>
    <ClInclude Include="..\..\src\graphical_font_label.hpp">
      <Filter>Header Files</Filter>
    </ClInclude>
    <ClInclude Include="..\..\src\grid_widget.hpp">
      <Filter>Header Files</Filter>
    </ClInclude>
    <ClInclude Include="..\..\src\grid_widget_fwd.hpp">
      <Filter>Header Files</Filter>
    </ClInclude>
    <ClInclude Include="..\..\src\group_property_editor_dialog.hpp">
      <Filter>Header Files</Filter>
    </ClInclude>
    <ClInclude Include="..\..\src\gui_section.hpp">
      <Filter>Header Files</Filter>
    </ClInclude>
    <ClInclude Include="..\..\src\haptic.hpp">
      <Filter>Header Files</Filter>
    </ClInclude>
    <ClInclude Include="..\..\src\http_client.hpp">
      <Filter>Header Files</Filter>
    </ClInclude>
    <ClInclude Include="..\..\src\http_server.hpp">
      <Filter>Header Files</Filter>
    </ClInclude>
    <ClInclude Include="..\..\src\i18n.hpp">
      <Filter>Header Files</Filter>
    </ClInclude>
    <ClInclude Include="..\..\src\image_widget.hpp">
      <Filter>Header Files</Filter>
    </ClInclude>
    <ClInclude Include="..\..\src\image_widget_fwd.hpp">
      <Filter>Header Files</Filter>
    </ClInclude>
    <ClInclude Include="..\..\src\input.hpp">
      <Filter>Header Files</Filter>
    </ClInclude>
    <ClInclude Include="..\..\src\iphone_device_info.h">
      <Filter>Header Files</Filter>
    </ClInclude>
    <ClInclude Include="..\..\src\iphone_sound.h">
      <Filter>Header Files</Filter>
    </ClInclude>
    <ClInclude Include="..\..\src\isochunk.hpp">
      <Filter>Header Files</Filter>
    </ClInclude>
    <ClInclude Include="..\..\src\isoworld.hpp">
      <Filter>Header Files</Filter>
    </ClInclude>
    <ClInclude Include="..\..\src\joystick.hpp">
      <Filter>Header Files</Filter>
    </ClInclude>
    <ClInclude Include="..\..\src\json_parser.hpp">
      <Filter>Header Files</Filter>
    </ClInclude>
    <ClInclude Include="..\..\src\json_tokenizer.hpp">
      <Filter>Header Files</Filter>
    </ClInclude>
    <ClInclude Include="..\..\src\key_button.hpp">
      <Filter>Header Files</Filter>
    </ClInclude>
    <ClInclude Include="..\..\src\label.hpp">
      <Filter>Header Files</Filter>
    </ClInclude>
    <ClInclude Include="..\..\src\language_dialog.hpp">
      <Filter>Header Files</Filter>
    </ClInclude>
    <ClInclude Include="..\..\src\LayerBlitInfo.hpp">
      <Filter>Header Files</Filter>
    </ClInclude>
    <ClInclude Include="..\..\src\layout_widget.hpp">
      <Filter>Header Files</Filter>
    </ClInclude>
    <ClInclude Include="..\..\src\level.hpp">
      <Filter>Header Files</Filter>
    </ClInclude>
    <ClInclude Include="..\..\src\level_logic.hpp">
      <Filter>Header Files</Filter>
    </ClInclude>
    <ClInclude Include="..\..\src\level_object.hpp">
      <Filter>Header Files</Filter>
    </ClInclude>
    <ClInclude Include="..\..\src\level_object_fwd.hpp">
      <Filter>Header Files</Filter>
    </ClInclude>
    <ClInclude Include="..\..\src\level_runner.hpp">
      <Filter>Header Files</Filter>
    </ClInclude>
    <ClInclude Include="..\..\src\level_solid_map.hpp">
      <Filter>Header Files</Filter>
    </ClInclude>
    <ClInclude Include="..\..\src\light.hpp">
      <Filter>Header Files</Filter>
    </ClInclude>
    <ClInclude Include="..\..\src\load_level.hpp">
      <Filter>Header Files</Filter>
    </ClInclude>
    <ClInclude Include="..\..\src\loading_screen.hpp">
      <Filter>Header Files</Filter>
    </ClInclude>
    <ClInclude Include="..\..\src\logger.hpp">
      <Filter>Header Files</Filter>
    </ClInclude>
    <ClInclude Include="..\..\src\lua_iface.hpp">
      <Filter>Header Files</Filter>
    </ClInclude>
    <ClInclude Include="..\..\src\md5.hpp">
      <Filter>Header Files</Filter>
    </ClInclude>
    <ClInclude Include="..\..\src\message_dialog.hpp">
      <Filter>Header Files</Filter>
    </ClInclude>
    <ClInclude Include="..\..\src\module.hpp">
      <Filter>Header Files</Filter>
    </ClInclude>
    <ClInclude Include="..\..\src\module_web_server.hpp">
      <Filter>Header Files</Filter>
    </ClInclude>
    <ClInclude Include="..\..\src\multi_tile_pattern.hpp">
      <Filter>Header Files</Filter>
    </ClInclude>
    <ClInclude Include="..\..\src\multiplayer.hpp">
      <Filter>Header Files</Filter>
    </ClInclude>
    <ClInclude Include="..\..\src\nocopy.hpp">
      <Filter>Header Files</Filter>
    </ClInclude>
    <ClInclude Include="..\..\src\object_events.hpp">
      <Filter>Header Files</Filter>
    </ClInclude>
    <ClInclude Include="..\..\src\octree.hpp">
      <Filter>Header Files</Filter>
    </ClInclude>
    <ClInclude Include="..\..\src\particle_system.hpp">
      <Filter>Header Files</Filter>
    </ClInclude>
    <ClInclude Include="..\..\src\ParticleSystemWidget.hpp">
      <Filter>Header Files</Filter>
    </ClInclude>
    <ClInclude Include="..\..\src\pathfinding.hpp">
      <Filter>Header Files</Filter>
    </ClInclude>
    <ClInclude Include="..\..\src\pause_game_dialog.hpp">
      <Filter>Header Files</Filter>
    </ClInclude>
    <ClInclude Include="..\..\src\play_vpx.hpp">
      <Filter>Header Files</Filter>
    </ClInclude>
    <ClInclude Include="..\..\src\playable_custom_object.hpp">
      <Filter>Header Files</Filter>
    </ClInclude>
    <ClInclude Include="..\..\src\player_info.hpp">
      <Filter>Header Files</Filter>
    </ClInclude>
    <ClInclude Include="..\..\src\point_map.hpp">
      <Filter>Header Files</Filter>
    </ClInclude>
    <ClInclude Include="..\..\src\poly_line_widget.hpp">
      <Filter>Header Files</Filter>
    </ClInclude>
    <ClInclude Include="..\..\src\poly_map.hpp">
      <Filter>Header Files</Filter>
    </ClInclude>
    <ClInclude Include="..\..\src\preferences.hpp">
      <Filter>Header Files</Filter>
    </ClInclude>
    <ClInclude Include="..\..\src\preprocessor.hpp">
      <Filter>Header Files</Filter>
    </ClInclude>
    <ClInclude Include="..\..\src\preview_tileset_widget.hpp">
      <Filter>Header Files</Filter>
    </ClInclude>
    <ClInclude Include="..\..\src\profile_timer.hpp">
      <Filter>Header Files</Filter>
    </ClInclude>
    <ClInclude Include="..\..\src\progress_bar.hpp">
      <Filter>Header Files</Filter>
    </ClInclude>
    <ClInclude Include="..\..\src\property_editor_dialog.hpp">
      <Filter>Header Files</Filter>
    </ClInclude>
    <ClInclude Include="..\..\src\random.hpp">
      <Filter>Header Files</Filter>
    </ClInclude>
    <ClInclude Include="..\..\src\rect_renderable.hpp">
      <Filter>Header Files</Filter>
    </ClInclude>
    <ClInclude Include="..\..\src\rectangle_rotator.hpp">
      <Filter>Header Files</Filter>
    </ClInclude>
    <ClInclude Include="..\..\src\reference_counted_object.hpp">
      <Filter>Header Files</Filter>
    </ClInclude>
    <ClInclude Include="..\..\src\regex_utils.hpp">
      <Filter>Header Files</Filter>
    </ClInclude>
    <ClInclude Include="..\..\src\rich_text_label.hpp">
      <Filter>Header Files</Filter>
    </ClInclude>
    <ClInclude Include="..\..\src\SceneNodeCallable.hpp">
      <Filter>Header Files</Filter>
    </ClInclude>
    <ClInclude Include="..\..\src\SceneObjectCallable.hpp">
      <Filter>Header Files</Filter>
    </ClInclude>
    <ClInclude Include="..\..\src\scoped_resource.hpp">
      <Filter>Header Files</Filter>
    </ClInclude>
    <ClInclude Include="..\..\src\screen_handling.hpp">
      <Filter>Header Files</Filter>
    </ClInclude>
    <ClInclude Include="..\..\src\scrollable_widget.hpp">
      <Filter>Header Files</Filter>
    </ClInclude>
    <ClInclude Include="..\..\src\scrollbar_widget.hpp">
      <Filter>Header Files</Filter>
    </ClInclude>
    <ClInclude Include="..\..\src\SDLMain.h">
      <Filter>Header Files</Filter>
    </ClInclude>
    <ClInclude Include="..\..\src\segment_editor_dialog.hpp">
      <Filter>Header Files</Filter>
    </ClInclude>
    <ClInclude Include="..\..\src\settings_dialog.hpp">
      <Filter>Header Files</Filter>
    </ClInclude>
    <ClInclude Include="..\..\src\simplex_noise.hpp">
      <Filter>Header Files</Filter>
    </ClInclude>
    <ClInclude Include="..\..\src\skybox.hpp">
      <Filter>Header Files</Filter>
    </ClInclude>
    <ClInclude Include="..\..\src\slider.hpp">
      <Filter>Header Files</Filter>
    </ClInclude>
    <ClInclude Include="..\..\src\solid_map.hpp">
      <Filter>Header Files</Filter>
    </ClInclude>
    <ClInclude Include="..\..\src\solid_map_fwd.hpp">
      <Filter>Header Files</Filter>
    </ClInclude>
    <ClInclude Include="..\..\src\sound.hpp">
      <Filter>Header Files</Filter>
    </ClInclude>
    <ClInclude Include="..\..\src\speech_dialog.hpp">
      <Filter>Header Files</Filter>
    </ClInclude>
    <ClInclude Include="..\..\src\spline.hpp">
      <Filter>Header Files</Filter>
    </ClInclude>
    <ClInclude Include="..\..\src\spline3d.hpp">
      <Filter>Header Files</Filter>
    </ClInclude>
    <ClInclude Include="..\..\src\stacktrace.hpp">
      <Filter>Header Files</Filter>
    </ClInclude>
    <ClInclude Include="..\..\src\StackWalker.h">
      <Filter>Header Files</Filter>
    </ClInclude>
    <ClInclude Include="..\..\src\stats.hpp">
      <Filter>Header Files</Filter>
    </ClInclude>
    <ClInclude Include="..\..\src\stats_server.hpp">
      <Filter>Header Files</Filter>
    </ClInclude>
    <ClInclude Include="..\..\src\stats_web_server.hpp">
      <Filter>Header Files</Filter>
    </ClInclude>
    <ClInclude Include="..\..\src\string_utils.hpp">
      <Filter>Header Files</Filter>
    </ClInclude>
    <ClInclude Include="..\..\src\surface_cache.hpp">
      <Filter>Header Files</Filter>
    </ClInclude>
    <ClInclude Include="..\..\src\surface_palette.hpp">
      <Filter>Header Files</Filter>
    </ClInclude>
    <ClInclude Include="..\..\src\surface_utils.hpp">
      <Filter>Header Files</Filter>
    </ClInclude>
    <ClInclude Include="..\..\src\sys.hpp">
      <Filter>Header Files</Filter>
    </ClInclude>
    <ClInclude Include="..\..\src\tbs_ai_player.hpp">
      <Filter>Header Files</Filter>
    </ClInclude>
    <ClInclude Include="..\..\src\tbs_bot.hpp">
      <Filter>Header Files</Filter>
    </ClInclude>
    <ClInclude Include="..\..\src\tbs_client.hpp">
      <Filter>Header Files</Filter>
    </ClInclude>
    <ClInclude Include="..\..\src\tbs_functions.hpp">
      <Filter>Header Files</Filter>
    </ClInclude>
    <ClInclude Include="..\..\src\tbs_game.hpp">
      <Filter>Header Files</Filter>
    </ClInclude>
    <ClInclude Include="..\..\src\tbs_internal_client.hpp">
      <Filter>Header Files</Filter>
    </ClInclude>
    <ClInclude Include="..\..\src\tbs_internal_server.hpp">
      <Filter>Header Files</Filter>
    </ClInclude>
    <ClInclude Include="..\..\src\tbs_server.hpp">
      <Filter>Header Files</Filter>
    </ClInclude>
    <ClInclude Include="..\..\src\tbs_server_base.hpp">
      <Filter>Header Files</Filter>
    </ClInclude>
    <ClInclude Include="..\..\src\tbs_web_server.hpp">
      <Filter>Header Files</Filter>
    </ClInclude>
    <ClInclude Include="..\..\src\text_editor_widget.hpp">
      <Filter>Header Files</Filter>
    </ClInclude>
    <ClInclude Include="..\..\src\TextureObject.hpp">
      <Filter>Header Files</Filter>
    </ClInclude>
    <ClInclude Include="..\..\src\thread.hpp">
      <Filter>Header Files</Filter>
    </ClInclude>
    <ClInclude Include="..\..\src\tile_map.hpp">
      <Filter>Header Files</Filter>
    </ClInclude>
    <ClInclude Include="..\..\src\tileset_editor_dialog.hpp">
      <Filter>Header Files</Filter>
    </ClInclude>
    <ClInclude Include="..\..\src\tooltip.hpp">
      <Filter>Header Files</Filter>
    </ClInclude>
    <ClInclude Include="..\..\src\translate.hpp">
      <Filter>Header Files</Filter>
    </ClInclude>
    <ClInclude Include="..\..\src\tree_view_widget.hpp">
      <Filter>Header Files</Filter>
    </ClInclude>
    <ClInclude Include="..\..\src\unit_test.hpp">
      <Filter>Header Files</Filter>
    </ClInclude>
    <ClInclude Include="..\..\src\uri.hpp">
      <Filter>Header Files</Filter>
    </ClInclude>
    <ClInclude Include="..\..\src\user_voxel_object.hpp">
      <Filter>Header Files</Filter>
    </ClInclude>
    <ClInclude Include="..\..\src\userevents.h">
      <Filter>Header Files</Filter>
    </ClInclude>
    <ClInclude Include="..\..\src\utf8_to_codepoint.hpp">
      <Filter>Header Files</Filter>
    </ClInclude>
    <ClInclude Include="..\..\src\utility_query.hpp">
      <Filter>Header Files</Filter>
    </ClInclude>
    <ClInclude Include="..\..\src\utils.hpp">
      <Filter>Header Files</Filter>
    </ClInclude>
    <ClInclude Include="..\..\src\uuid.hpp">
      <Filter>Header Files</Filter>
    </ClInclude>
    <ClInclude Include="..\..\src\variant.hpp">
      <Filter>Header Files</Filter>
    </ClInclude>
    <ClInclude Include="..\..\src\variant_callable.hpp">
      <Filter>Header Files</Filter>
    </ClInclude>
    <ClInclude Include="..\..\src\variant_type.hpp">
      <Filter>Header Files</Filter>
    </ClInclude>
    <ClInclude Include="..\..\src\variant_utils.hpp">
      <Filter>Header Files</Filter>
    </ClInclude>
    <ClInclude Include="..\..\src\video_selections.hpp">
      <Filter>Header Files</Filter>
    </ClInclude>
    <ClInclude Include="..\..\src\VoronoiDiagramGenerator.h">
      <Filter>Header Files</Filter>
    </ClInclude>
    <ClInclude Include="..\..\src\voxel_model.hpp">
      <Filter>Header Files</Filter>
    </ClInclude>
    <ClInclude Include="..\..\src\voxel_object.hpp">
      <Filter>Header Files</Filter>
    </ClInclude>
    <ClInclude Include="..\..\src\voxel_object_functions.hpp">
      <Filter>Header Files</Filter>
    </ClInclude>
    <ClInclude Include="..\..\src\voxel_object_type.hpp">
      <Filter>Header Files</Filter>
    </ClInclude>
    <ClInclude Include="..\..\src\water.hpp">
      <Filter>Header Files</Filter>
    </ClInclude>
    <ClInclude Include="..\..\src\water_particle_system.hpp">
      <Filter>Header Files</Filter>
    </ClInclude>
    <ClInclude Include="..\..\src\weather_particle_system.hpp">
      <Filter>Header Files</Filter>
    </ClInclude>
    <ClInclude Include="..\..\src\widget.hpp">
      <Filter>Header Files</Filter>
    </ClInclude>
    <ClInclude Include="..\..\src\widget_factory.hpp">
      <Filter>Header Files</Filter>
    </ClInclude>
    <ClInclude Include="..\..\src\widget_fwd.hpp">
      <Filter>Header Files</Filter>
    </ClInclude>
    <ClInclude Include="..\..\src\widget_settings_dialog.hpp">
      <Filter>Header Files</Filter>
    </ClInclude>
    <ClInclude Include="..\..\src\wml_formula_callable.hpp">
      <Filter>Header Files</Filter>
    </ClInclude>
    <ClInclude Include="..\..\src\svg\svg_attribs.hpp">
      <Filter>Header Files\svg</Filter>
    </ClInclude>
    <ClInclude Include="..\..\src\svg\svg_container.hpp">
      <Filter>Header Files\svg</Filter>
    </ClInclude>
    <ClInclude Include="..\..\src\svg\svg_element.hpp">
      <Filter>Header Files\svg</Filter>
    </ClInclude>
    <ClInclude Include="..\..\src\svg\svg_fwd.hpp">
      <Filter>Header Files\svg</Filter>
    </ClInclude>
    <ClInclude Include="..\..\src\svg\svg_gradient.hpp">
      <Filter>Header Files\svg</Filter>
    </ClInclude>
    <ClInclude Include="..\..\src\svg\svg_length.hpp">
      <Filter>Header Files\svg</Filter>
    </ClInclude>
    <ClInclude Include="..\..\src\svg\svg_paint.hpp">
      <Filter>Header Files\svg</Filter>
    </ClInclude>
    <ClInclude Include="..\..\src\svg\svg_parse.hpp">
      <Filter>Header Files\svg</Filter>
    </ClInclude>
    <ClInclude Include="..\..\src\svg\svg_path_parse.hpp">
      <Filter>Header Files\svg</Filter>
    </ClInclude>
    <ClInclude Include="..\..\src\svg\svg_render.hpp">
      <Filter>Header Files\svg</Filter>
    </ClInclude>
    <ClInclude Include="..\..\src\svg\svg_shapes.hpp">
      <Filter>Header Files\svg</Filter>
    </ClInclude>
    <ClInclude Include="..\..\src\svg\svg_style.hpp">
      <Filter>Header Files\svg</Filter>
    </ClInclude>
    <ClInclude Include="..\..\src\svg\svg_transform.hpp">
      <Filter>Header Files\svg</Filter>
    </ClInclude>
    <ClInclude Include="..\..\src\svg\utils.hpp">
      <Filter>Header Files\svg</Filter>
    </ClInclude>
    <ClInclude Include="..\..\src\kre\AttributeSet.hpp">
      <Filter>Header Files\kre</Filter>
    </ClInclude>
    <ClInclude Include="..\..\src\kre\AttributeSetOGL.hpp">
      <Filter>Header Files\kre</Filter>
    </ClInclude>
    <ClInclude Include="..\..\src\kre\Blend.hpp">
      <Filter>Header Files\kre</Filter>
    </ClInclude>
    <ClInclude Include="..\..\src\kre\BlendModeScope.hpp">
      <Filter>Header Files\kre</Filter>
    </ClInclude>
    <ClInclude Include="..\..\src\kre\BlendOGL.hpp">
      <Filter>Header Files\kre</Filter>
    </ClInclude>
    <ClInclude Include="..\..\src\kre\Blittable.hpp">
      <Filter>Header Files\kre</Filter>
    </ClInclude>
    <ClInclude Include="..\..\src\kre\CameraObject.hpp">
      <Filter>Header Files\kre</Filter>
    </ClInclude>
    <ClInclude Include="..\..\src\kre\Canvas.hpp">
      <Filter>Header Files\kre</Filter>
    </ClInclude>
    <ClInclude Include="..\..\src\kre\CanvasOGL.hpp">
      <Filter>Header Files\kre</Filter>
    </ClInclude>
    <ClInclude Include="..\..\src\kre\ClipScope.hpp">
      <Filter>Header Files\kre</Filter>
    </ClInclude>
    <ClInclude Include="..\..\src\kre\ClipScopeOGL.hpp">
      <Filter>Header Files\kre</Filter>
    </ClInclude>
    <ClInclude Include="..\..\src\kre\Color.hpp">
      <Filter>Header Files\kre</Filter>
    </ClInclude>
    <ClInclude Include="..\..\src\kre\ColorScope.hpp">
      <Filter>Header Files\kre</Filter>
    </ClInclude>
    <ClInclude Include="..\..\src\kre\DisplayDevice.hpp">
      <Filter>Header Files\kre</Filter>
    </ClInclude>
    <ClInclude Include="..\..\src\kre\DisplayDeviceFwd.hpp">
      <Filter>Header Files\kre</Filter>
    </ClInclude>
    <ClInclude Include="..\..\src\kre\DisplayDeviceOGL.hpp">
      <Filter>Header Files\kre</Filter>
    </ClInclude>
    <ClInclude Include="..\..\src\kre\DisplayDeviceOGLFixed.hpp">
      <Filter>Header Files\kre</Filter>
    </ClInclude>
    <ClInclude Include="..\..\src\kre\DisplayDeviceSDL.hpp">
      <Filter>Header Files\kre</Filter>
    </ClInclude>
    <ClInclude Include="..\..\src\kre\Effects.hpp">
      <Filter>Header Files\kre</Filter>
    </ClInclude>
    <ClInclude Include="..\..\src\kre\EffectsOGL.hpp">
      <Filter>Header Files\kre</Filter>
    </ClInclude>
    <ClInclude Include="..\..\src\kre\FboOGL.hpp">
      <Filter>Header Files\kre</Filter>
    </ClInclude>
    <ClInclude Include="..\..\src\kre\Font.hpp">
      <Filter>Header Files\kre</Filter>
    </ClInclude>
    <ClInclude Include="..\..\src\kre\FontSDL.hpp">
      <Filter>Header Files\kre</Filter>
    </ClInclude>
    <ClInclude Include="..\..\src\kre\Frustum.hpp">
      <Filter>Header Files\kre</Filter>
    </ClInclude>
    <ClInclude Include="..\..\src\kre\geometry.hpp">
      <Filter>Header Files\kre</Filter>
    </ClInclude>
    <ClInclude Include="..\..\src\kre\LightObject.hpp">
      <Filter>Header Files\kre</Filter>
    </ClInclude>
    <ClInclude Include="..\..\src\kre\ModelMatrixScope.hpp">
      <Filter>Header Files\kre</Filter>
    </ClInclude>
    <ClInclude Include="..\..\src\kre\ParticleSystem.hpp">
      <Filter>Header Files\kre</Filter>
    </ClInclude>
    <ClInclude Include="..\..\src\kre\ParticleSystemAffectors.hpp">
      <Filter>Header Files\kre</Filter>
    </ClInclude>
    <ClInclude Include="..\..\src\kre\ParticleSystemEmitters.hpp">
      <Filter>Header Files\kre</Filter>
    </ClInclude>
    <ClInclude Include="..\..\src\kre\ParticleSystemFwd.hpp">
      <Filter>Header Files\kre</Filter>
    </ClInclude>
    <ClInclude Include="..\..\src\kre\ParticleSystemParameters.hpp">
      <Filter>Header Files\kre</Filter>
    </ClInclude>
    <ClInclude Include="..\..\src\kre\PixelFormat.hpp">
      <Filter>Header Files\kre</Filter>
    </ClInclude>
    <ClInclude Include="..\..\src\kre\Renderable.hpp">
      <Filter>Header Files\kre</Filter>
    </ClInclude>
    <ClInclude Include="..\..\src\kre\RenderFwd.hpp">
      <Filter>Header Files\kre</Filter>
    </ClInclude>
    <ClInclude Include="..\..\src\kre\RenderManager.hpp">
      <Filter>Header Files\kre</Filter>
    </ClInclude>
    <ClInclude Include="..\..\src\kre\RenderQueue.hpp">
      <Filter>Header Files\kre</Filter>
    </ClInclude>
    <ClInclude Include="..\..\src\kre\RenderTarget.hpp">
      <Filter>Header Files\kre</Filter>
    </ClInclude>
    <ClInclude Include="..\..\src\kre\SceneFwd.hpp">
      <Filter>Header Files\kre</Filter>
    </ClInclude>
    <ClInclude Include="..\..\src\kre\SceneGraph.hpp">
      <Filter>Header Files\kre</Filter>
    </ClInclude>
    <ClInclude Include="..\..\src\kre\SceneNode.hpp">
      <Filter>Header Files\kre</Filter>
    </ClInclude>
    <ClInclude Include="..\..\src\kre\SceneObject.hpp">
      <Filter>Header Files\kre</Filter>
    </ClInclude>
    <ClInclude Include="..\..\src\kre\SceneParameters.hpp">
      <Filter>Header Files\kre</Filter>
    </ClInclude>
    <ClInclude Include="..\..\src\kre\SceneUtil.hpp">
      <Filter>Header Files\kre</Filter>
    </ClInclude>
    <ClInclude Include="..\..\src\kre\Scissor.hpp">
      <Filter>Header Files\kre</Filter>
    </ClInclude>
    <ClInclude Include="..\..\src\kre\ScissorOGL.hpp">
      <Filter>Header Files\kre</Filter>
    </ClInclude>
    <ClInclude Include="..\..\src\kre\ScopeableValue.hpp">
      <Filter>Header Files\kre</Filter>
    </ClInclude>
    <ClInclude Include="..\..\src\kre\SDLWrapper.hpp">
      <Filter>Header Files\kre</Filter>
    </ClInclude>
    <ClInclude Include="..\..\src\kre\Shaders.hpp">
      <Filter>Header Files\kre</Filter>
    </ClInclude>
    <ClInclude Include="..\..\src\kre\ShadersOGL.hpp">
      <Filter>Header Files\kre</Filter>
    </ClInclude>
    <ClInclude Include="..\..\src\kre\spline.hpp">
      <Filter>Header Files\kre</Filter>
    </ClInclude>
    <ClInclude Include="..\..\src\kre\spline3d.hpp">
      <Filter>Header Files\kre</Filter>
    </ClInclude>
    <ClInclude Include="..\..\src\kre\StencilScope.hpp">
      <Filter>Header Files\kre</Filter>
    </ClInclude>
    <ClInclude Include="..\..\src\kre\StencilScopeOGL.hpp">
      <Filter>Header Files\kre</Filter>
    </ClInclude>
    <ClInclude Include="..\..\src\kre\StencilSettings.hpp">
      <Filter>Header Files\kre</Filter>
    </ClInclude>
    <ClInclude Include="..\..\src\kre\Surface.hpp">
      <Filter>Header Files\kre</Filter>
    </ClInclude>
    <ClInclude Include="..\..\src\kre\SurfaceSDL.hpp">
      <Filter>Header Files\kre</Filter>
    </ClInclude>
    <ClInclude Include="..\..\src\kre\TexPack.hpp">
      <Filter>Header Files\kre</Filter>
    </ClInclude>
    <ClInclude Include="..\..\src\kre\Texture.hpp">
      <Filter>Header Files\kre</Filter>
    </ClInclude>
    <ClInclude Include="..\..\src\kre\TextureOGL.hpp">
      <Filter>Header Files\kre</Filter>
    </ClInclude>
    <ClInclude Include="..\..\src\kre\TextureSDL.hpp">
      <Filter>Header Files\kre</Filter>
    </ClInclude>
    <ClInclude Include="..\..\src\kre\TextureUtils.hpp">
      <Filter>Header Files\kre</Filter>
    </ClInclude>
    <ClInclude Include="..\..\src\kre\UniformBuffer.hpp">
      <Filter>Header Files\kre</Filter>
    </ClInclude>
    <ClInclude Include="..\..\src\kre\UniformBufferOGL.hpp">
      <Filter>Header Files\kre</Filter>
    </ClInclude>
    <ClInclude Include="..\..\src\kre\Util.hpp">
      <Filter>Header Files\kre</Filter>
    </ClInclude>
    <ClInclude Include="..\..\src\kre\VGraph.hpp">
      <Filter>Header Files\kre</Filter>
    </ClInclude>
    <ClInclude Include="..\..\src\kre\VGraphCairo.hpp">
      <Filter>Header Files\kre</Filter>
    </ClInclude>
    <ClInclude Include="..\..\src\kre\VGraphFwd.hpp">
      <Filter>Header Files\kre</Filter>
    </ClInclude>
    <ClInclude Include="..\..\src\kre\VGraphOGL.hpp">
      <Filter>Header Files\kre</Filter>
    </ClInclude>
    <ClInclude Include="..\..\src\kre\VGraphOGLFixed.hpp">
      <Filter>Header Files\kre</Filter>
    </ClInclude>
    <ClInclude Include="..\..\src\kre\VGraphPatterns.hpp">
      <Filter>Header Files\kre</Filter>
    </ClInclude>
    <ClInclude Include="..\..\src\kre\WindowManager.hpp">
      <Filter>Header Files\kre</Filter>
    </ClInclude>
    <ClInclude Include="..\..\src\kre\WindowManagerFwd.hpp">
      <Filter>Header Files\kre</Filter>
    </ClInclude>
    <ClInclude Include="..\..\src\particle_system_proxy.hpp">
      <Filter>Header Files</Filter>
    </ClInclude>
    <ClInclude Include="..\..\src\kre\Depth.hpp">
      <Filter>Header Files\kre</Filter>
    </ClInclude>
    <ClInclude Include="..\..\src\tiled\tiled.hpp">
      <Filter>Header Files\tiled</Filter>
    </ClInclude>
    <ClInclude Include="..\..\src\tiled\tmx_reader.hpp">
      <Filter>Header Files\tiled</Filter>
    </ClInclude>
    <ClInclude Include="..\..\src\xhtml\css_lexer.hpp">
      <Filter>Header Files\xhtml</Filter>
    </ClInclude>
    <ClInclude Include="..\..\src\xhtml\css_parser.hpp">
      <Filter>Header Files\xhtml</Filter>
    </ClInclude>
    <ClInclude Include="..\..\src\xhtml\css_properties.hpp">
      <Filter>Header Files\xhtml</Filter>
    </ClInclude>
    <ClInclude Include="..\..\src\xhtml\css_selector.hpp">
      <Filter>Header Files\xhtml</Filter>
    </ClInclude>
    <ClInclude Include="..\..\src\xhtml\css_styles.hpp">
      <Filter>Header Files\xhtml</Filter>
    </ClInclude>
    <ClInclude Include="..\..\src\xhtml\css_stylesheet.hpp">
      <Filter>Header Files\xhtml</Filter>
    </ClInclude>
    <ClInclude Include="..\..\src\xhtml\css_transition.hpp">
      <Filter>Header Files\xhtml</Filter>
    </ClInclude>
    <ClInclude Include="..\..\src\xhtml\solid_renderable.hpp">
      <Filter>Header Files\xhtml</Filter>
    </ClInclude>
    <ClInclude Include="..\..\src\xhtml\to_roman.hpp">
      <Filter>Header Files\xhtml</Filter>
    </ClInclude>
    <ClInclude Include="..\..\src\xhtml\xhtml.hpp">
      <Filter>Header Files\xhtml</Filter>
    </ClInclude>
    <ClInclude Include="..\..\src\xhtml\xhtml_absolute_box.hpp">
      <Filter>Header Files\xhtml</Filter>
    </ClInclude>
    <ClInclude Include="..\..\src\xhtml\xhtml_background_info.hpp">
      <Filter>Header Files\xhtml</Filter>
    </ClInclude>
    <ClInclude Include="..\..\src\xhtml\xhtml_block_box.hpp">
      <Filter>Header Files\xhtml</Filter>
    </ClInclude>
    <ClInclude Include="..\..\src\xhtml\xhtml_border_info.hpp">
      <Filter>Header Files\xhtml</Filter>
    </ClInclude>
    <ClInclude Include="..\..\src\xhtml\xhtml_box.hpp">
      <Filter>Header Files\xhtml</Filter>
    </ClInclude>
    <ClInclude Include="..\..\src\xhtml\xhtml_element.hpp">
      <Filter>Header Files\xhtml</Filter>
    </ClInclude>
    <ClInclude Include="..\..\src\xhtml\xhtml_element_id.hpp">
      <Filter>Header Files\xhtml</Filter>
    </ClInclude>
    <ClInclude Include="..\..\src\xhtml\xhtml_fwd.hpp">
      <Filter>Header Files\xhtml</Filter>
    </ClInclude>
    <ClInclude Include="..\..\src\xhtml\xhtml_inline_block_box.hpp">
      <Filter>Header Files\xhtml</Filter>
    </ClInclude>
    <ClInclude Include="..\..\src\xhtml\xhtml_inline_element_box.hpp">
      <Filter>Header Files\xhtml</Filter>
    </ClInclude>
    <ClInclude Include="..\..\src\xhtml\xhtml_layout_engine.hpp">
      <Filter>Header Files\xhtml</Filter>
    </ClInclude>
    <ClInclude Include="..\..\src\xhtml\xhtml_listitem_box.hpp">
      <Filter>Header Files\xhtml</Filter>
    </ClInclude>
    <ClInclude Include="..\..\src\xhtml\xhtml_node.hpp">
      <Filter>Header Files\xhtml</Filter>
    </ClInclude>
    <ClInclude Include="..\..\src\xhtml\xhtml_parser.hpp">
      <Filter>Header Files\xhtml</Filter>
    </ClInclude>
    <ClInclude Include="..\..\src\xhtml\xhtml_render_ctx.hpp">
      <Filter>Header Files\xhtml</Filter>
    </ClInclude>
    <ClInclude Include="..\..\src\xhtml\xhtml_root_box.hpp">
      <Filter>Header Files\xhtml</Filter>
    </ClInclude>
    <ClInclude Include="..\..\src\xhtml\xhtml_style_tree.hpp">
      <Filter>Header Files\xhtml</Filter>
    </ClInclude>
    <ClInclude Include="..\..\src\xhtml\xhtml_text_box.hpp">
      <Filter>Header Files\xhtml</Filter>
    </ClInclude>
    <ClInclude Include="..\..\src\xhtml\xhtml_text_node.hpp">
      <Filter>Header Files\xhtml</Filter>
    </ClInclude>
    <ClInclude Include="..\..\src\svg\easy_svg.hpp">
      <Filter>Header Files\svg</Filter>
    </ClInclude>
    <ClInclude Include="..\..\src\ffl_dom.hpp">
      <Filter>Header Files\xhtml</Filter>
    </ClInclude>
    <ClInclude Include="..\..\src\kre\Gradients.hpp">
      <Filter>Header Files\kre</Filter>
    </ClInclude>
    <ClInclude Include="..\..\src\xhtml\xhtml_script_interface.hpp">
      <Filter>Header Files\xhtml</Filter>
    </ClInclude>
    <ClInclude Include="..\..\src\ffl_dom_fwd.hpp">
      <Filter>Header Files\xhtml</Filter>
    </ClInclude>
    <ClInclude Include="..\..\src\kre\FontDriver.hpp">
      <Filter>Header Files\kre</Filter>
    </ClInclude>
    <ClInclude Include="..\..\src\kre\FontImpl.hpp">
      <Filter>Header Files\kre</Filter>
    </ClInclude>
    <ClInclude Include="..\..\src\kre\SurfaceBlur.hpp">
      <Filter>Header Files\kre</Filter>
    </ClInclude>
    <ClInclude Include="..\..\src\hex\hex_mask.hpp">
      <Filter>Header Files\hex</Filter>
    </ClInclude>
    <ClInclude Include="..\..\src\shared_memory_pipe.hpp">
      <Filter>Header Files</Filter>
    </ClInclude>
    <ClInclude Include="..\..\src\tbs_ipc_client.hpp">
      <Filter>Header Files</Filter>
    </ClInclude>
    <ClInclude Include="..\..\src\breakpad.hpp">
      <Filter>Header Files</Filter>
    </ClInclude>
    <ClInclude Include="..\..\src\kre\SceneTree.hpp">
      <Filter>Header Files\kre</Filter>
    </ClInclude>
    <ClInclude Include="..\..\src\xhtml\url_handler.hpp">
      <Filter>Header Files\xhtml</Filter>
    </ClInclude>
    <ClInclude Include="..\..\src\kre\AlignedAllocator.hpp">
      <Filter>Header Files\kre</Filter>
    </ClInclude>
    <ClInclude Include="..\..\src\kre\SurfaceScale.hpp">
      <Filter>Header Files\kre</Filter>
    </ClInclude>
    <ClInclude Include="..\..\src\kre\Cursor.hpp">
      <Filter>Header Files\kre</Filter>
    </ClInclude>
    <ClInclude Include="..\..\src\xhtml\scrollable.hpp">
      <Filter>Header Files\xhtml</Filter>
    </ClInclude>
    <ClInclude Include="..\..\src\xhtml\xhtml_line_box.hpp">
      <Filter>Header Files\xhtml</Filter>
    </ClInclude>
    <ClInclude Include="..\..\src\xhtml\event_listener.hpp">
      <Filter>Header Files\xhtml</Filter>
    </ClInclude>
    <ClInclude Include="..\..\src\xhtml\xslider.hpp">
      <Filter>Header Files\xhtml</Filter>
    </ClInclude>
    <ClInclude Include="..\..\src\hex\hex_tile.hpp">
      <Filter>Header Files\hex</Filter>
    </ClInclude>
    <ClInclude Include="..\..\src\hex\tile_rules.hpp">
      <Filter>Header Files\hex</Filter>
    </ClInclude>
    <ClInclude Include="..\..\src\hex\hex.hpp">
      <Filter>Header Files\hex</Filter>
    </ClInclude>
    <ClInclude Include="..\..\src\hex\hex_fwd.hpp">
      <Filter>Header Files\hex</Filter>
    </ClInclude>
    <ClInclude Include="..\..\src\hex\hex_helper.hpp">
      <Filter>Header Files\hex</Filter>
    </ClInclude>
    <ClInclude Include="..\..\src\hex\hex_loader.hpp">
      <Filter>Header Files\hex</Filter>
    </ClInclude>
    <ClInclude Include="..\..\src\hex\hex_map.hpp">
      <Filter>Header Files\hex</Filter>
    </ClInclude>
    <ClInclude Include="..\..\src\hex\hex_renderable.hpp">
      <Filter>Header Files\hex</Filter>
    </ClInclude>
    <ClInclude Include="..\..\src\hex\hex_renderable_fwd.hpp">
      <Filter>Header Files\hex</Filter>
    </ClInclude>
    <ClInclude Include="..\..\src\formula_vm.hpp">
      <Filter>Header Files</Filter>
    </ClInclude>
    <ClInclude Include="..\..\src\formula_where.hpp">
      <Filter>Header Files</Filter>
    </ClInclude>
    <ClInclude Include="..\..\src\kre\ParticleSystemUI.hpp">
      <Filter>Header Files\kre</Filter>
    </ClInclude>
    <ClInclude Include="..\..\src\kre\imgui_impl_sdl_gl3.h">
      <Filter>Header Files\kre</Filter>
    </ClInclude>
    <ClInclude Include="..\..\imgui\imgui.h">
      <Filter>Header Files</Filter>
    </ClInclude>
    <ClInclude Include="..\..\src\theme_imgui.hpp">
      <Filter>Header Files</Filter>
    </ClInclude>
  </ItemGroup>
  <ItemGroup>
    <None Include="..\..\src\kre\geometry.inl">
      <Filter>Header Files\kre</Filter>
    </None>
    <None Include="..\..\src\custom_object.inc">
      <Filter>Header Files</Filter>
    </None>
    <None Include="..\..\imgui\imgui_user.inl">
      <Filter>Source Files\kre</Filter>
    </None>
  </ItemGroup>
  <ItemGroup>
    <ClCompile Include="..\..\src\svg\svg_attribs.cpp">
      <Filter>Source Files\svg</Filter>
    </ClCompile>
    <ClCompile Include="..\..\src\svg\svg_container.cpp">
      <Filter>Source Files\svg</Filter>
    </ClCompile>
    <ClCompile Include="..\..\src\svg\svg_element.cpp">
      <Filter>Source Files\svg</Filter>
    </ClCompile>
    <ClCompile Include="..\..\src\svg\svg_gradient.cpp">
      <Filter>Source Files\svg</Filter>
    </ClCompile>
    <ClCompile Include="..\..\src\svg\svg_paint.cpp">
      <Filter>Source Files\svg</Filter>
    </ClCompile>
    <ClCompile Include="..\..\src\svg\svg_parse.cpp">
      <Filter>Source Files\svg</Filter>
    </ClCompile>
    <ClCompile Include="..\..\src\svg\svg_path_parse.cpp">
      <Filter>Source Files\svg</Filter>
    </ClCompile>
    <ClCompile Include="..\..\src\svg\svg_shapes.cpp">
      <Filter>Source Files\svg</Filter>
    </ClCompile>
    <ClCompile Include="..\..\src\svg\svg_style.cpp">
      <Filter>Source Files\svg</Filter>
    </ClCompile>
    <ClCompile Include="..\..\src\svg\svg_transform.cpp">
      <Filter>Source Files\svg</Filter>
    </ClCompile>
    <ClCompile Include="..\..\src\svg\svg_utils.cpp">
      <Filter>Source Files\svg</Filter>
    </ClCompile>
    <ClCompile Include="..\..\src\kre\AttributeSet.cpp">
      <Filter>Source Files\kre</Filter>
    </ClCompile>
    <ClCompile Include="..\..\src\kre\AttributeSetOGL.cpp">
      <Filter>Source Files\kre</Filter>
    </ClCompile>
    <ClCompile Include="..\..\src\kre\Blend.cpp">
      <Filter>Source Files\kre</Filter>
    </ClCompile>
    <ClCompile Include="..\..\src\kre\BlendModeScope.cpp">
      <Filter>Source Files\kre</Filter>
    </ClCompile>
    <ClCompile Include="..\..\src\kre\BlendOGL.cpp">
      <Filter>Source Files\kre</Filter>
    </ClCompile>
    <ClCompile Include="..\..\src\kre\Blittable.cpp">
      <Filter>Source Files\kre</Filter>
    </ClCompile>
    <ClCompile Include="..\..\src\kre\CameraObject.cpp">
      <Filter>Source Files\kre</Filter>
    </ClCompile>
    <ClCompile Include="..\..\src\kre\Canvas.cpp">
      <Filter>Source Files\kre</Filter>
    </ClCompile>
    <ClCompile Include="..\..\src\kre\CanvasOGL.cpp">
      <Filter>Source Files\kre</Filter>
    </ClCompile>
    <ClCompile Include="..\..\src\kre\ClipScope.cpp">
      <Filter>Source Files\kre</Filter>
    </ClCompile>
    <ClCompile Include="..\..\src\kre\ClipScopeOGL.cpp">
      <Filter>Source Files\kre</Filter>
    </ClCompile>
    <ClCompile Include="..\..\src\kre\Color.cpp">
      <Filter>Source Files\kre</Filter>
    </ClCompile>
    <ClCompile Include="..\..\src\kre\ColorScope.cpp">
      <Filter>Source Files\kre</Filter>
    </ClCompile>
    <ClCompile Include="..\..\src\kre\DisplayDevice.cpp">
      <Filter>Source Files\kre</Filter>
    </ClCompile>
    <ClCompile Include="..\..\src\kre\DisplayDeviceOGL.cpp">
      <Filter>Source Files\kre</Filter>
    </ClCompile>
    <ClCompile Include="..\..\src\kre\DisplayDeviceOGLFixed.cpp">
      <Filter>Source Files\kre</Filter>
    </ClCompile>
    <ClCompile Include="..\..\src\kre\DisplayDeviceSDL.cpp">
      <Filter>Source Files\kre</Filter>
    </ClCompile>
    <ClCompile Include="..\..\src\kre\EffectsOGL.cpp">
      <Filter>Source Files\kre</Filter>
    </ClCompile>
    <ClCompile Include="..\..\src\kre\FboOGL.cpp">
      <Filter>Source Files\kre</Filter>
    </ClCompile>
    <ClCompile Include="..\..\src\kre\Font.cpp">
      <Filter>Source Files\kre</Filter>
    </ClCompile>
    <ClCompile Include="..\..\src\kre\FontSDL.cpp">
      <Filter>Source Files\kre</Filter>
    </ClCompile>
    <ClCompile Include="..\..\src\kre\Frustum.cpp">
      <Filter>Source Files\kre</Filter>
    </ClCompile>
    <ClCompile Include="..\..\src\kre\LightObject.cpp">
      <Filter>Source Files\kre</Filter>
    </ClCompile>
    <ClCompile Include="..\..\src\kre\ModelMatrixScope.cpp">
      <Filter>Source Files\kre</Filter>
    </ClCompile>
    <ClCompile Include="..\..\src\kre\ParticleSystem.cpp">
      <Filter>Source Files\kre</Filter>
    </ClCompile>
    <ClCompile Include="..\..\src\kre\ParticleSystemAffectors.cpp">
      <Filter>Source Files\kre</Filter>
    </ClCompile>
    <ClCompile Include="..\..\src\kre\ParticleSystemEmitters.cpp">
      <Filter>Source Files\kre</Filter>
    </ClCompile>
    <ClCompile Include="..\..\src\kre\ParticleSystemParameters.cpp">
      <Filter>Source Files\kre</Filter>
    </ClCompile>
    <ClCompile Include="..\..\src\kre\Renderable.cpp">
      <Filter>Source Files\kre</Filter>
    </ClCompile>
    <ClCompile Include="..\..\src\kre\RenderManager.cpp">
      <Filter>Source Files\kre</Filter>
    </ClCompile>
    <ClCompile Include="..\..\src\kre\RenderQueue.cpp">
      <Filter>Source Files\kre</Filter>
    </ClCompile>
    <ClCompile Include="..\..\src\kre\RenderTarget.cpp">
      <Filter>Source Files\kre</Filter>
    </ClCompile>
    <ClCompile Include="..\..\src\kre\SceneGraph.cpp">
      <Filter>Source Files\kre</Filter>
    </ClCompile>
    <ClCompile Include="..\..\src\kre\SceneNode.cpp">
      <Filter>Source Files\kre</Filter>
    </ClCompile>
    <ClCompile Include="..\..\src\kre\SceneObject.cpp">
      <Filter>Source Files\kre</Filter>
    </ClCompile>
    <ClCompile Include="..\..\src\kre\SceneParameters.cpp">
      <Filter>Source Files\kre</Filter>
    </ClCompile>
    <ClCompile Include="..\..\src\kre\Scissor.cpp">
      <Filter>Source Files\kre</Filter>
    </ClCompile>
    <ClCompile Include="..\..\src\kre\ScissorOGL.cpp">
      <Filter>Source Files\kre</Filter>
    </ClCompile>
    <ClCompile Include="..\..\src\kre\Shaders.cpp">
      <Filter>Source Files\kre</Filter>
    </ClCompile>
    <ClCompile Include="..\..\src\kre\ShadersOGL.cpp">
      <Filter>Source Files\kre</Filter>
    </ClCompile>
    <ClCompile Include="..\..\src\kre\StencilScope.cpp">
      <Filter>Source Files\kre</Filter>
    </ClCompile>
    <ClCompile Include="..\..\src\kre\StencilScopeOGL.cpp">
      <Filter>Source Files\kre</Filter>
    </ClCompile>
    <ClCompile Include="..\..\src\kre\Surface.cpp">
      <Filter>Source Files\kre</Filter>
    </ClCompile>
    <ClCompile Include="..\..\src\kre\SurfaceSDL.cpp">
      <Filter>Source Files\kre</Filter>
    </ClCompile>
    <ClCompile Include="..\..\src\kre\TexPack.cpp">
      <Filter>Source Files\kre</Filter>
    </ClCompile>
    <ClCompile Include="..\..\src\kre\Texture.cpp">
      <Filter>Source Files\kre</Filter>
    </ClCompile>
    <ClCompile Include="..\..\src\kre\TextureOGL.cpp">
      <Filter>Source Files\kre</Filter>
    </ClCompile>
    <ClCompile Include="..\..\src\kre\TextureSDL.cpp">
      <Filter>Source Files\kre</Filter>
    </ClCompile>
    <ClCompile Include="..\..\src\kre\UniformBuffer.cpp">
      <Filter>Source Files\kre</Filter>
    </ClCompile>
    <ClCompile Include="..\..\src\kre\UniformBufferOGL.cpp">
      <Filter>Source Files\kre</Filter>
    </ClCompile>
    <ClCompile Include="..\..\src\kre\Util.cpp">
      <Filter>Source Files\kre</Filter>
    </ClCompile>
    <ClCompile Include="..\..\src\kre\VGraph.cpp">
      <Filter>Source Files\kre</Filter>
    </ClCompile>
    <ClCompile Include="..\..\src\kre\VGraphCairo.cpp">
      <Filter>Source Files\kre</Filter>
    </ClCompile>
    <ClCompile Include="..\..\src\kre\VGraphOGL.cpp">
      <Filter>Source Files\kre</Filter>
    </ClCompile>
    <ClCompile Include="..\..\src\kre\VGraphOGLFixed.cpp">
      <Filter>Source Files\kre</Filter>
    </ClCompile>
    <ClCompile Include="..\..\src\kre\WindowManager.cpp">
      <Filter>Source Files\kre</Filter>
    </ClCompile>
    <ClCompile Include="..\..\src\wml_formula_callable.cpp">
      <Filter>Source Files</Filter>
    </ClCompile>
    <ClCompile Include="..\..\src\achievements.cpp">
      <Filter>Source Files</Filter>
    </ClCompile>
    <ClCompile Include="..\..\src\animation_creator.cpp">
      <Filter>Source Files</Filter>
    </ClCompile>
    <ClCompile Include="..\..\src\animation_preview_widget.cpp">
      <Filter>Source Files</Filter>
    </ClCompile>
    <ClCompile Include="..\..\src\animation_widget.cpp">
      <Filter>Source Files</Filter>
    </ClCompile>
    <ClCompile Include="..\..\src\anura_shader.cpp">
      <Filter>Source Files</Filter>
    </ClCompile>
    <ClCompile Include="..\..\src\asserts.cpp">
      <Filter>Source Files</Filter>
    </ClCompile>
    <ClCompile Include="..\..\src\auto_update_window.cpp">
      <Filter>Source Files</Filter>
    </ClCompile>
    <ClCompile Include="..\..\src\b2d_ffl.cpp">
      <Filter>Source Files</Filter>
    </ClCompile>
    <ClCompile Include="..\..\src\background.cpp">
      <Filter>Source Files</Filter>
    </ClCompile>
    <ClCompile Include="..\..\src\background_task_pool.cpp">
      <Filter>Source Files</Filter>
    </ClCompile>
    <ClCompile Include="..\..\src\bar_widget.cpp">
      <Filter>Source Files</Filter>
    </ClCompile>
    <ClCompile Include="..\..\src\base64.cpp">
      <Filter>Source Files</Filter>
    </ClCompile>
    <ClCompile Include="..\..\src\blur.cpp">
      <Filter>Source Files</Filter>
    </ClCompile>
    <ClCompile Include="..\..\src\border_widget.cpp">
      <Filter>Source Files</Filter>
    </ClCompile>
    <ClCompile Include="..\..\src\button.cpp">
      <Filter>Source Files</Filter>
    </ClCompile>
    <ClCompile Include="..\..\src\cairo.cpp">
      <Filter>Source Files</Filter>
    </ClCompile>
    <ClCompile Include="..\..\src\character_editor_dialog.cpp">
      <Filter>Source Files</Filter>
    </ClCompile>
    <ClCompile Include="..\..\src\checkbox.cpp">
      <Filter>Source Files</Filter>
    </ClCompile>
    <ClCompile Include="..\..\src\checksum.cpp">
      <Filter>Source Files</Filter>
    </ClCompile>
    <ClCompile Include="..\..\src\clipboard.cpp">
      <Filter>Source Files</Filter>
    </ClCompile>
    <ClCompile Include="..\..\src\code_editor_dialog.cpp">
      <Filter>Source Files</Filter>
    </ClCompile>
    <ClCompile Include="..\..\src\code_editor_widget.cpp">
      <Filter>Source Files</Filter>
    </ClCompile>
    <ClCompile Include="..\..\src\collision_utils.cpp">
      <Filter>Source Files</Filter>
    </ClCompile>
    <ClCompile Include="..\..\src\color_picker.cpp">
      <Filter>Source Files</Filter>
    </ClCompile>
    <ClCompile Include="..\..\src\ColorTransform.cpp">
      <Filter>Source Files</Filter>
    </ClCompile>
    <ClCompile Include="..\..\src\compress.cpp">
      <Filter>Source Files</Filter>
    </ClCompile>
    <ClCompile Include="..\..\src\controls.cpp">
      <Filter>Source Files</Filter>
    </ClCompile>
    <ClCompile Include="..\..\src\controls_dialog.cpp">
      <Filter>Source Files</Filter>
    </ClCompile>
    <ClCompile Include="..\..\src\current_generator.cpp">
      <Filter>Source Files</Filter>
    </ClCompile>
    <ClCompile Include="..\..\src\custom_object.cpp">
      <Filter>Source Files</Filter>
    </ClCompile>
    <ClCompile Include="..\..\src\custom_object_callable.cpp">
      <Filter>Source Files</Filter>
    </ClCompile>
    <ClCompile Include="..\..\src\custom_object_dialog.cpp">
      <Filter>Source Files</Filter>
    </ClCompile>
    <ClCompile Include="..\..\src\custom_object_functions.cpp">
      <Filter>Source Files</Filter>
    </ClCompile>
    <ClCompile Include="..\..\src\custom_object_type.cpp">
      <Filter>Source Files</Filter>
    </ClCompile>
    <ClCompile Include="..\..\src\db_client.cpp">
      <Filter>Source Files</Filter>
    </ClCompile>
    <ClCompile Include="..\..\src\debug_console.cpp">
      <Filter>Source Files</Filter>
    </ClCompile>
    <ClCompile Include="..\..\src\decimal.cpp">
      <Filter>Source Files</Filter>
    </ClCompile>
    <ClCompile Include="..\..\src\dialog.cpp">
      <Filter>Source Files</Filter>
    </ClCompile>
    <ClCompile Include="..\..\src\difficulty.cpp">
      <Filter>Source Files</Filter>
    </ClCompile>
    <ClCompile Include="..\..\src\distortion.cpp">
      <Filter>Source Files</Filter>
    </ClCompile>
    <ClCompile Include="..\..\src\drag_widget.cpp">
      <Filter>Source Files</Filter>
    </ClCompile>
    <ClCompile Include="..\..\src\draw_primitive.cpp">
      <Filter>Source Files</Filter>
    </ClCompile>
    <ClCompile Include="..\..\src\draw_scene.cpp">
      <Filter>Source Files</Filter>
    </ClCompile>
    <ClCompile Include="..\..\src\draw_tile.cpp">
      <Filter>Source Files</Filter>
    </ClCompile>
    <ClCompile Include="..\..\src\dropdown_widget.cpp">
      <Filter>Source Files</Filter>
    </ClCompile>
    <ClCompile Include="..\..\src\editor.cpp">
      <Filter>Source Files</Filter>
    </ClCompile>
    <ClCompile Include="..\..\src\editor_dialogs.cpp">
      <Filter>Source Files</Filter>
    </ClCompile>
    <ClCompile Include="..\..\src\editor_formula_functions.cpp">
      <Filter>Source Files</Filter>
    </ClCompile>
    <ClCompile Include="..\..\src\editor_layers_dialog.cpp">
      <Filter>Source Files</Filter>
    </ClCompile>
    <ClCompile Include="..\..\src\editor_level_properties_dialog.cpp">
      <Filter>Source Files</Filter>
    </ClCompile>
    <ClCompile Include="..\..\src\editor_module_properties_dialog.cpp">
      <Filter>Source Files</Filter>
    </ClCompile>
    <ClCompile Include="..\..\src\editor_stats_dialog.cpp">
      <Filter>Source Files</Filter>
    </ClCompile>
    <ClCompile Include="..\..\src\editor_variable_info.cpp">
      <Filter>Source Files</Filter>
    </ClCompile>
    <ClCompile Include="..\..\src\entity.cpp">
      <Filter>Source Files</Filter>
    </ClCompile>
    <ClCompile Include="..\..\src\external_text_editor.cpp">
      <Filter>Source Files</Filter>
    </ClCompile>
    <ClCompile Include="..\..\src\ffl_weak_ptr.cpp">
      <Filter>Source Files</Filter>
    </ClCompile>
    <ClCompile Include="..\..\src\file_chooser_dialog.cpp">
      <Filter>Source Files</Filter>
    </ClCompile>
    <ClCompile Include="..\..\src\filesystem.cpp">
      <Filter>Source Files</Filter>
    </ClCompile>
    <ClCompile Include="..\..\src\filesystem-android.cpp">
      <Filter>Source Files</Filter>
    </ClCompile>
    <ClCompile Include="..\..\src\formula.cpp">
      <Filter>Source Files</Filter>
    </ClCompile>
    <ClCompile Include="..\..\src\formula_callable.cpp">
      <Filter>Source Files</Filter>
    </ClCompile>
    <ClCompile Include="..\..\src\formula_callable_definition.cpp">
      <Filter>Source Files</Filter>
    </ClCompile>
    <ClCompile Include="..\..\src\formula_callable_visitor.cpp">
      <Filter>Source Files</Filter>
    </ClCompile>
    <ClCompile Include="..\..\src\formula_constants.cpp">
      <Filter>Source Files</Filter>
    </ClCompile>
    <ClCompile Include="..\..\src\formula_function.cpp">
      <Filter>Source Files</Filter>
    </ClCompile>
    <ClCompile Include="..\..\src\formula_function_registry.cpp">
      <Filter>Source Files</Filter>
    </ClCompile>
    <ClCompile Include="..\..\src\formula_interface.cpp">
      <Filter>Source Files</Filter>
    </ClCompile>
    <ClCompile Include="..\..\src\formula_object.cpp">
      <Filter>Source Files</Filter>
    </ClCompile>
    <ClCompile Include="..\..\src\formula_profiler.cpp">
      <Filter>Source Files</Filter>
    </ClCompile>
    <ClCompile Include="..\..\src\formula_test.cpp">
      <Filter>Source Files</Filter>
    </ClCompile>
    <ClCompile Include="..\..\src\formula_tokenizer.cpp">
      <Filter>Source Files</Filter>
    </ClCompile>
    <ClCompile Include="..\..\src\formula_variable_storage.cpp">
      <Filter>Source Files</Filter>
    </ClCompile>
    <ClCompile Include="..\..\src\formula_visualize_widget.cpp">
      <Filter>Source Files</Filter>
    </ClCompile>
    <ClCompile Include="..\..\src\frame.cpp">
      <Filter>Source Files</Filter>
    </ClCompile>
    <ClCompile Include="..\..\src\framed_gui_element.cpp">
      <Filter>Source Files</Filter>
    </ClCompile>
    <ClCompile Include="..\..\src\ft_iface.cpp">
      <Filter>Source Files</Filter>
    </ClCompile>
    <ClCompile Include="..\..\src\game_registry.cpp">
      <Filter>Source Files</Filter>
    </ClCompile>
    <ClCompile Include="..\..\src\geometry_callable.cpp">
      <Filter>Source Files</Filter>
    </ClCompile>
    <ClCompile Include="..\..\src\globals.cpp">
      <Filter>Source Files</Filter>
    </ClCompile>
    <ClCompile Include="..\..\src\graphical_font.cpp">
      <Filter>Source Files</Filter>
    </ClCompile>
    <ClCompile Include="..\..\src\graphical_font_label.cpp">
      <Filter>Source Files</Filter>
    </ClCompile>
    <ClCompile Include="..\..\src\grid_widget.cpp">
      <Filter>Source Files</Filter>
    </ClCompile>
    <ClCompile Include="..\..\src\group_property_editor_dialog.cpp">
      <Filter>Source Files</Filter>
    </ClCompile>
    <ClCompile Include="..\..\src\gui_section.cpp">
      <Filter>Source Files</Filter>
    </ClCompile>
    <ClCompile Include="..\..\src\http_client.cpp">
      <Filter>Source Files</Filter>
    </ClCompile>
    <ClCompile Include="..\..\src\http_server.cpp">
      <Filter>Source Files</Filter>
    </ClCompile>
    <ClCompile Include="..\..\src\i18n.cpp">
      <Filter>Source Files</Filter>
    </ClCompile>
    <ClCompile Include="..\..\src\image_widget.cpp">
      <Filter>Source Files</Filter>
    </ClCompile>
    <ClCompile Include="..\..\src\input.cpp">
      <Filter>Source Files</Filter>
    </ClCompile>
    <ClCompile Include="..\..\src\isochunk.cpp">
      <Filter>Source Files</Filter>
    </ClCompile>
    <ClCompile Include="..\..\src\isoworld.cpp">
      <Filter>Source Files</Filter>
    </ClCompile>
    <ClCompile Include="..\..\src\joystick.cpp">
      <Filter>Source Files</Filter>
    </ClCompile>
    <ClCompile Include="..\..\src\json_parser.cpp">
      <Filter>Source Files</Filter>
    </ClCompile>
    <ClCompile Include="..\..\src\json_tokenizer.cpp">
      <Filter>Source Files</Filter>
    </ClCompile>
    <ClCompile Include="..\..\src\key_button.cpp">
      <Filter>Source Files</Filter>
    </ClCompile>
    <ClCompile Include="..\..\src\label.cpp">
      <Filter>Source Files</Filter>
    </ClCompile>
    <ClCompile Include="..\..\src\language_dialog.cpp">
      <Filter>Source Files</Filter>
    </ClCompile>
    <ClCompile Include="..\..\src\LayerBlitInfo.cpp">
      <Filter>Source Files</Filter>
    </ClCompile>
    <ClCompile Include="..\..\src\layout_widget.cpp">
      <Filter>Source Files</Filter>
    </ClCompile>
    <ClCompile Include="..\..\src\level.cpp">
      <Filter>Source Files</Filter>
    </ClCompile>
    <ClCompile Include="..\..\src\level_logic.cpp">
      <Filter>Source Files</Filter>
    </ClCompile>
    <ClCompile Include="..\..\src\level_object.cpp">
      <Filter>Source Files</Filter>
    </ClCompile>
    <ClCompile Include="..\..\src\level_runner.cpp">
      <Filter>Source Files</Filter>
    </ClCompile>
    <ClCompile Include="..\..\src\level_solid_map.cpp">
      <Filter>Source Files</Filter>
    </ClCompile>
    <ClCompile Include="..\..\src\light.cpp">
      <Filter>Source Files</Filter>
    </ClCompile>
    <ClCompile Include="..\..\src\load_level.cpp">
      <Filter>Source Files</Filter>
    </ClCompile>
    <ClCompile Include="..\..\src\load_level_nothread.cpp">
      <Filter>Source Files</Filter>
    </ClCompile>
    <ClCompile Include="..\..\src\loading_screen.cpp">
      <Filter>Source Files</Filter>
    </ClCompile>
    <ClCompile Include="..\..\src\logger.cpp">
      <Filter>Source Files</Filter>
    </ClCompile>
    <ClCompile Include="..\..\src\lua_iface.cpp">
      <Filter>Source Files</Filter>
    </ClCompile>
    <ClCompile Include="..\..\src\main.cpp">
      <Filter>Source Files</Filter>
    </ClCompile>
    <ClCompile Include="..\..\src\md5.cpp">
      <Filter>Source Files</Filter>
    </ClCompile>
    <ClCompile Include="..\..\src\message_dialog.cpp">
      <Filter>Source Files</Filter>
    </ClCompile>
    <ClCompile Include="..\..\src\module.cpp">
      <Filter>Source Files</Filter>
    </ClCompile>
    <ClCompile Include="..\..\src\module_web_server.cpp">
      <Filter>Source Files</Filter>
    </ClCompile>
    <ClCompile Include="..\..\src\multi_tile_pattern.cpp">
      <Filter>Source Files</Filter>
    </ClCompile>
    <ClCompile Include="..\..\src\multiplayer.cpp">
      <Filter>Source Files</Filter>
    </ClCompile>
    <ClCompile Include="..\..\src\multiplayer_server.cpp">
      <Filter>Source Files</Filter>
    </ClCompile>
    <ClCompile Include="..\..\src\normal_map.cpp">
      <Filter>Source Files</Filter>
    </ClCompile>
    <ClCompile Include="..\..\src\object_events.cpp">
      <Filter>Source Files</Filter>
    </ClCompile>
    <ClCompile Include="..\..\src\particle_system.cpp">
      <Filter>Source Files</Filter>
    </ClCompile>
    <ClCompile Include="..\..\src\ParticleSystemWidget.cpp">
      <Filter>Source Files</Filter>
    </ClCompile>
    <ClCompile Include="..\..\src\pathfinding.cpp">
      <Filter>Source Files</Filter>
    </ClCompile>
    <ClCompile Include="..\..\src\pause_game_dialog.cpp">
      <Filter>Source Files</Filter>
    </ClCompile>
    <ClCompile Include="..\..\src\play_vpx.cpp">
      <Filter>Source Files</Filter>
    </ClCompile>
    <ClCompile Include="..\..\src\playable_custom_object.cpp">
      <Filter>Source Files</Filter>
    </ClCompile>
    <ClCompile Include="..\..\src\player_info.cpp">
      <Filter>Source Files</Filter>
    </ClCompile>
    <ClCompile Include="..\..\src\poly_line_widget.cpp">
      <Filter>Source Files</Filter>
    </ClCompile>
    <ClCompile Include="..\..\src\poly_map.cpp">
      <Filter>Source Files</Filter>
    </ClCompile>
    <ClCompile Include="..\..\src\preferences.cpp">
      <Filter>Source Files</Filter>
    </ClCompile>
    <ClCompile Include="..\..\src\preprocessor.cpp">
      <Filter>Source Files</Filter>
    </ClCompile>
    <ClCompile Include="..\..\src\preview_tileset_widget.cpp">
      <Filter>Source Files</Filter>
    </ClCompile>
    <ClCompile Include="..\..\src\progress_bar.cpp">
      <Filter>Source Files</Filter>
    </ClCompile>
    <ClCompile Include="..\..\src\property_editor_dialog.cpp">
      <Filter>Source Files</Filter>
    </ClCompile>
    <ClCompile Include="..\..\src\random.cpp">
      <Filter>Source Files</Filter>
    </ClCompile>
    <ClCompile Include="..\..\src\rect_renderable.cpp">
      <Filter>Source Files</Filter>
    </ClCompile>
    <ClCompile Include="..\..\src\rectangle_rotator.cpp">
      <Filter>Source Files</Filter>
    </ClCompile>
    <ClCompile Include="..\..\src\rich_text_label.cpp">
      <Filter>Source Files</Filter>
    </ClCompile>
    <ClCompile Include="..\..\src\SceneNodeCallable.cpp">
      <Filter>Source Files</Filter>
    </ClCompile>
    <ClCompile Include="..\..\src\SceneObjectCallable.cpp">
      <Filter>Source Files</Filter>
    </ClCompile>
    <ClCompile Include="..\..\src\screen_handling.cpp">
      <Filter>Source Files</Filter>
    </ClCompile>
    <ClCompile Include="..\..\src\scrollable_widget.cpp">
      <Filter>Source Files</Filter>
    </ClCompile>
    <ClCompile Include="..\..\src\scrollbar_widget.cpp">
      <Filter>Source Files</Filter>
    </ClCompile>
    <ClCompile Include="..\..\src\segment_editor_dialog.cpp">
      <Filter>Source Files</Filter>
    </ClCompile>
    <ClCompile Include="..\..\src\settings_dialog.cpp">
      <Filter>Source Files</Filter>
    </ClCompile>
    <ClCompile Include="..\..\src\simplex_noise.cpp">
      <Filter>Source Files</Filter>
    </ClCompile>
    <ClCompile Include="..\..\src\skybox.cpp">
      <Filter>Source Files</Filter>
    </ClCompile>
    <ClCompile Include="..\..\src\slider.cpp">
      <Filter>Source Files</Filter>
    </ClCompile>
    <ClCompile Include="..\..\src\solid_map.cpp">
      <Filter>Source Files</Filter>
    </ClCompile>
    <ClCompile Include="..\..\src\sound.cpp">
      <Filter>Source Files</Filter>
    </ClCompile>
    <ClCompile Include="..\..\src\speech_dialog.cpp">
      <Filter>Source Files</Filter>
    </ClCompile>
    <ClCompile Include="..\..\src\StackWalker.cpp">
      <Filter>Source Files</Filter>
    </ClCompile>
    <ClCompile Include="..\..\src\stats.cpp">
      <Filter>Source Files</Filter>
    </ClCompile>
    <ClCompile Include="..\..\src\stats_server.cpp">
      <Filter>Source Files</Filter>
    </ClCompile>
    <ClCompile Include="..\..\src\stats_server_main.cpp">
      <Filter>Source Files</Filter>
    </ClCompile>
    <ClCompile Include="..\..\src\stats_web_server.cpp">
      <Filter>Source Files</Filter>
    </ClCompile>
    <ClCompile Include="..\..\src\string_utils.cpp">
      <Filter>Source Files</Filter>
    </ClCompile>
    <ClCompile Include="..\..\src\surface_cache.cpp">
      <Filter>Source Files</Filter>
    </ClCompile>
    <ClCompile Include="..\..\src\surface_palette.cpp">
      <Filter>Source Files</Filter>
    </ClCompile>
    <ClCompile Include="..\..\src\surface_utils.cpp">
      <Filter>Source Files</Filter>
    </ClCompile>
    <ClCompile Include="..\..\src\sys.cpp">
      <Filter>Source Files</Filter>
    </ClCompile>
    <ClCompile Include="..\..\src\tbs_ai_player.cpp">
      <Filter>Source Files</Filter>
    </ClCompile>
    <ClCompile Include="..\..\src\tbs_bot.cpp">
      <Filter>Source Files</Filter>
    </ClCompile>
    <ClCompile Include="..\..\src\tbs_client.cpp">
      <Filter>Source Files</Filter>
    </ClCompile>
    <ClCompile Include="..\..\src\tbs_functions.cpp">
      <Filter>Source Files</Filter>
    </ClCompile>
    <ClCompile Include="..\..\src\tbs_game.cpp">
      <Filter>Source Files</Filter>
    </ClCompile>
    <ClCompile Include="..\..\src\tbs_internal_client.cpp">
      <Filter>Source Files</Filter>
    </ClCompile>
    <ClCompile Include="..\..\src\tbs_internal_server.cpp">
      <Filter>Source Files</Filter>
    </ClCompile>
    <ClCompile Include="..\..\src\tbs_matchmaking_server.cpp">
      <Filter>Source Files</Filter>
    </ClCompile>
    <ClCompile Include="..\..\src\tbs_server.cpp">
      <Filter>Source Files</Filter>
    </ClCompile>
    <ClCompile Include="..\..\src\tbs_server_base.cpp">
      <Filter>Source Files</Filter>
    </ClCompile>
    <ClCompile Include="..\..\src\tbs_web_server.cpp">
      <Filter>Source Files</Filter>
    </ClCompile>
    <ClCompile Include="..\..\src\text_editor_widget.cpp">
      <Filter>Source Files</Filter>
    </ClCompile>
    <ClCompile Include="..\..\src\TextureObject.cpp">
      <Filter>Source Files</Filter>
    </ClCompile>
    <ClCompile Include="..\..\src\thread.cpp">
      <Filter>Source Files</Filter>
    </ClCompile>
    <ClCompile Include="..\..\src\tile_map.cpp">
      <Filter>Source Files</Filter>
    </ClCompile>
    <ClCompile Include="..\..\src\tileset_editor_dialog.cpp">
      <Filter>Source Files</Filter>
    </ClCompile>
    <ClCompile Include="..\..\src\tooltip.cpp">
      <Filter>Source Files</Filter>
    </ClCompile>
    <ClCompile Include="..\..\src\translate.cpp">
      <Filter>Source Files</Filter>
    </ClCompile>
    <ClCompile Include="..\..\src\tree_view_widget.cpp">
      <Filter>Source Files</Filter>
    </ClCompile>
    <ClCompile Include="..\..\src\unit_test.cpp">
      <Filter>Source Files</Filter>
    </ClCompile>
    <ClCompile Include="..\..\src\user_voxel_object.cpp">
      <Filter>Source Files</Filter>
    </ClCompile>
    <ClCompile Include="..\..\src\utility_object_compiler.cpp">
      <Filter>Source Files</Filter>
    </ClCompile>
    <ClCompile Include="..\..\src\utility_query.cpp">
      <Filter>Source Files</Filter>
    </ClCompile>
    <ClCompile Include="..\..\src\utility_render_level.cpp">
      <Filter>Source Files</Filter>
    </ClCompile>
    <ClCompile Include="..\..\src\utils.cpp">
      <Filter>Source Files</Filter>
    </ClCompile>
    <ClCompile Include="..\..\src\uuid.cpp">
      <Filter>Source Files</Filter>
    </ClCompile>
    <ClCompile Include="..\..\src\variant.cpp">
      <Filter>Source Files</Filter>
    </ClCompile>
    <ClCompile Include="..\..\src\variant_callable.cpp">
      <Filter>Source Files</Filter>
    </ClCompile>
    <ClCompile Include="..\..\src\variant_type.cpp">
      <Filter>Source Files</Filter>
    </ClCompile>
    <ClCompile Include="..\..\src\variant_utils.cpp">
      <Filter>Source Files</Filter>
    </ClCompile>
    <ClCompile Include="..\..\src\video_selections.cpp">
      <Filter>Source Files</Filter>
    </ClCompile>
    <ClCompile Include="..\..\src\VoronoiDiagramGenerator.cpp">
      <Filter>Source Files</Filter>
    </ClCompile>
    <ClCompile Include="..\..\src\voxel_animation.cpp">
      <Filter>Source Files</Filter>
    </ClCompile>
    <ClCompile Include="..\..\src\voxel_editor.cpp">
      <Filter>Source Files</Filter>
    </ClCompile>
    <ClCompile Include="..\..\src\voxel_model.cpp">
      <Filter>Source Files</Filter>
    </ClCompile>
    <ClCompile Include="..\..\src\voxel_object.cpp">
      <Filter>Source Files</Filter>
    </ClCompile>
    <ClCompile Include="..\..\src\voxel_object_functions.cpp">
      <Filter>Source Files</Filter>
    </ClCompile>
    <ClCompile Include="..\..\src\voxel_object_type.cpp">
      <Filter>Source Files</Filter>
    </ClCompile>
    <ClCompile Include="..\..\src\water.cpp">
      <Filter>Source Files</Filter>
    </ClCompile>
    <ClCompile Include="..\..\src\water_particle_system.cpp">
      <Filter>Source Files</Filter>
    </ClCompile>
    <ClCompile Include="..\..\src\weather_particle_system.cpp">
      <Filter>Source Files</Filter>
    </ClCompile>
    <ClCompile Include="..\..\src\widget.cpp">
      <Filter>Source Files</Filter>
    </ClCompile>
    <ClCompile Include="..\..\src\widget_editor.cpp">
      <Filter>Source Files</Filter>
    </ClCompile>
    <ClCompile Include="..\..\src\widget_factory.cpp">
      <Filter>Source Files</Filter>
    </ClCompile>
    <ClCompile Include="..\..\src\widget_settings_dialog.cpp">
      <Filter>Source Files</Filter>
    </ClCompile>
    <ClCompile Include="..\..\src\formula_garbage_collector.cpp">
      <Filter>Source Files</Filter>
    </ClCompile>
    <ClCompile Include="..\..\src\particle_system_proxy.cpp">
      <Filter>Source Files</Filter>
    </ClCompile>
    <ClCompile Include="..\..\src\kre\Depth.cpp">
      <Filter>Source Files\kre</Filter>
    </ClCompile>
    <ClCompile Include="..\..\src\tiled\tiled.cpp">
      <Filter>Source Files\tiled</Filter>
    </ClCompile>
    <ClCompile Include="..\..\src\tiled\tmx_reader.cpp">
      <Filter>Source Files\tiled</Filter>
    </ClCompile>
    <ClCompile Include="..\..\src\xhtml\css_lexer.cpp">
      <Filter>Source Files\xhtml</Filter>
    </ClCompile>
    <ClCompile Include="..\..\src\xhtml\css_parser.cpp">
      <Filter>Source Files\xhtml</Filter>
    </ClCompile>
    <ClCompile Include="..\..\src\xhtml\css_properties.cpp">
      <Filter>Source Files\xhtml</Filter>
    </ClCompile>
    <ClCompile Include="..\..\src\xhtml\css_selector.cpp">
      <Filter>Source Files\xhtml</Filter>
    </ClCompile>
    <ClCompile Include="..\..\src\xhtml\css_styles.cpp">
      <Filter>Source Files\xhtml</Filter>
    </ClCompile>
    <ClCompile Include="..\..\src\xhtml\css_stylesheet.cpp">
      <Filter>Source Files\xhtml</Filter>
    </ClCompile>
    <ClCompile Include="..\..\src\xhtml\css_transition.cpp">
      <Filter>Source Files\xhtml</Filter>
    </ClCompile>
    <ClCompile Include="..\..\src\xhtml\solid_renderable.cpp">
      <Filter>Source Files\xhtml</Filter>
    </ClCompile>
    <ClCompile Include="..\..\src\xhtml\to_roman.cpp">
      <Filter>Source Files\xhtml</Filter>
    </ClCompile>
    <ClCompile Include="..\..\src\xhtml\xhtml_absolute_box.cpp">
      <Filter>Source Files\xhtml</Filter>
    </ClCompile>
    <ClCompile Include="..\..\src\xhtml\xhtml_background_info.cpp">
      <Filter>Source Files\xhtml</Filter>
    </ClCompile>
    <ClCompile Include="..\..\src\xhtml\xhtml_block_box.cpp">
      <Filter>Source Files\xhtml</Filter>
    </ClCompile>
    <ClCompile Include="..\..\src\xhtml\xhtml_border_info.cpp">
      <Filter>Source Files\xhtml</Filter>
    </ClCompile>
    <ClCompile Include="..\..\src\xhtml\xhtml_box.cpp">
      <Filter>Source Files\xhtml</Filter>
    </ClCompile>
    <ClCompile Include="..\..\src\xhtml\xhtml_element.cpp">
      <Filter>Source Files\xhtml</Filter>
    </ClCompile>
    <ClCompile Include="..\..\src\xhtml\xhtml_inline_block_box.cpp">
      <Filter>Source Files\xhtml</Filter>
    </ClCompile>
    <ClCompile Include="..\..\src\xhtml\xhtml_inline_element_box.cpp">
      <Filter>Source Files\xhtml</Filter>
    </ClCompile>
    <ClCompile Include="..\..\src\xhtml\xhtml_layout_engine.cpp">
      <Filter>Source Files\xhtml</Filter>
    </ClCompile>
    <ClCompile Include="..\..\src\xhtml\xhtml_listitem_box.cpp">
      <Filter>Source Files\xhtml</Filter>
    </ClCompile>
    <ClCompile Include="..\..\src\xhtml\xhtml_node.cpp">
      <Filter>Source Files\xhtml</Filter>
    </ClCompile>
    <ClCompile Include="..\..\src\xhtml\xhtml_parser.cpp">
      <Filter>Source Files\xhtml</Filter>
    </ClCompile>
    <ClCompile Include="..\..\src\xhtml\xhtml_render_ctx.cpp">
      <Filter>Source Files\xhtml</Filter>
    </ClCompile>
    <ClCompile Include="..\..\src\xhtml\xhtml_root_box.cpp">
      <Filter>Source Files\xhtml</Filter>
    </ClCompile>
    <ClCompile Include="..\..\src\xhtml\xhtml_style_tree.cpp">
      <Filter>Source Files\xhtml</Filter>
    </ClCompile>
    <ClCompile Include="..\..\src\xhtml\xhtml_text_box.cpp">
      <Filter>Source Files\xhtml</Filter>
    </ClCompile>
    <ClCompile Include="..\..\src\xhtml\xhtml_text_node.cpp">
      <Filter>Source Files\xhtml</Filter>
    </ClCompile>
    <ClCompile Include="..\..\src\svg\easy_svg.cpp">
      <Filter>Source Files\svg</Filter>
    </ClCompile>
    <ClCompile Include="..\..\src\ffl_dom.cpp">
      <Filter>Source Files\xhtml</Filter>
    </ClCompile>
    <ClCompile Include="..\..\src\kre\FontFreetype.cpp">
      <Filter>Source Files\kre</Filter>
    </ClCompile>
    <ClCompile Include="..\..\src\kre\Gradients.cpp">
      <Filter>Source Files\kre</Filter>
    </ClCompile>
    <ClCompile Include="..\..\src\xhtml\xhtml_script_interface.cpp">
      <Filter>Source Files\xhtml</Filter>
    </ClCompile>
    <ClCompile Include="..\..\src\kre\FontDriver.cpp">
      <Filter>Source Files\kre</Filter>
    </ClCompile>
    <ClCompile Include="..\..\src\kre\FontSTB.cpp">
      <Filter>Source Files\kre</Filter>
    </ClCompile>
    <ClCompile Include="..\..\src\kre\SurfaceBlur.cpp">
      <Filter>Source Files\kre</Filter>
    </ClCompile>
    <ClCompile Include="..\..\src\ffl_lib.cpp">
      <Filter>Source Files</Filter>
    </ClCompile>
    <ClCompile Include="..\..\src\hex\hex_mask.cpp">
      <Filter>Source Files\hex</Filter>
    </ClCompile>
    <ClCompile Include="..\..\src\shared_memory_pipe.cpp">
      <Filter>Source Files</Filter>
    </ClCompile>
    <ClCompile Include="..\..\src\tbs_ipc_client.cpp">
      <Filter>Source Files</Filter>
    </ClCompile>
    <ClCompile Include="..\..\src\breakpad.cpp">
      <Filter>Source Files</Filter>
    </ClCompile>
    <ClCompile Include="..\..\src\kre\SceneTree.cpp">
      <Filter>Source Files\kre</Filter>
    </ClCompile>
    <ClCompile Include="..\..\src\xhtml\url_handler.cpp">
      <Filter>Source Files\xhtml</Filter>
    </ClCompile>
    <ClCompile Include="..\..\src\kre\SurfaceScale.cpp">
      <Filter>Source Files\kre</Filter>
    </ClCompile>
    <ClCompile Include="..\..\src\kre\Cursor.cpp">
      <Filter>Source Files\kre</Filter>
    </ClCompile>
    <ClCompile Include="..\..\src\xhtml\scrollable.cpp">
      <Filter>Source Files\xhtml</Filter>
    </ClCompile>
    <ClCompile Include="..\..\src\xhtml\xhtml_line_box.cpp">
      <Filter>Source Files\xhtml</Filter>
    </ClCompile>
    <ClCompile Include="..\..\src\xhtml\event_listener.cpp">
      <Filter>Source Files\xhtml</Filter>
    </ClCompile>
    <ClCompile Include="..\..\src\xhtml\xslider.cpp">
      <Filter>Source Files\xhtml</Filter>
    </ClCompile>
    <ClCompile Include="..\..\src\hex\hex_helper.cpp">
      <Filter>Source Files\hex</Filter>
    </ClCompile>
    <ClCompile Include="..\..\src\hex\hex_loader.cpp">
      <Filter>Source Files\hex</Filter>
    </ClCompile>
    <ClCompile Include="..\..\src\hex\hex_map.cpp">
      <Filter>Source Files\hex</Filter>
    </ClCompile>
    <ClCompile Include="..\..\src\hex\hex_renderable.cpp">
      <Filter>Source Files\hex</Filter>
    </ClCompile>
    <ClCompile Include="..\..\src\hex\hex_tile.cpp">
      <Filter>Source Files\hex</Filter>
    </ClCompile>
    <ClCompile Include="..\..\src\hex\tile_rules.cpp">
      <Filter>Source Files\hex</Filter>
    </ClCompile>
    <ClCompile Include="..\..\src\formula_vm.cpp">
      <Filter>Source Files</Filter>
    </ClCompile>
    <ClCompile Include="..\..\src\formula_internal.cpp">
      <Filter>Source Files</Filter>
    </ClCompile>
    <ClCompile Include="..\..\src\kre\ParticleSystemUI.cpp">
      <Filter>Source Files\kre</Filter>
    </ClCompile>
    <ClCompile Include="..\..\imgui\imgui.cpp">
      <Filter>Source Files\kre</Filter>
    </ClCompile>
    <ClCompile Include="..\..\imgui\imgui_draw.cpp">
      <Filter>Source Files\kre</Filter>
    </ClCompile>
    <ClCompile Include="..\..\src\kre\imgui_impl_sdl_gl3.cpp">
      <Filter>Source Files\kre</Filter>
    </ClCompile>
    <ClCompile Include="..\..\src\theme_imgui.cpp">
      <Filter>Source Files</Filter>
    </ClCompile>
    <ClCompile Include="..\..\src\variant_type_check.cpp">
      <Filter>Source Files</Filter>
    </ClCompile>
  </ItemGroup>
  <ItemGroup>
    <ResourceCompile Include="..\..\src\anura-resouces.rc">
      <Filter>Resource Files</Filter>
    </ResourceCompile>
  </ItemGroup>
</Project>