<?xml version="1.0" encoding="UTF-8"?>
<Scheme
   LastUpgradeVersion = "1130"
   version = "1.3">
   <BuildAction
      parallelizeBuildables = "YES"
      buildImplicitDependencies = "YES">
      <BuildActionEntries>
         <BuildActionEntry
            buildForTesting = "YES"
            buildForRunning = "YES"
            buildForProfiling = "YES"
            buildForArchiving = "YES"
            buildForAnalyzing = "YES">
            <BuildableReference
               BuildableIdentifier = "primary"
               BlueprintIdentifier = "C010C56C160AFAD9006E7D90"
               BuildableName = "Frogatto.app"
               BlueprintName = "Frogatto"
               ReferencedContainer = "container:Frogatto.xcodeproj">
            </BuildableReference>
         </BuildActionEntry>
      </BuildActionEntries>
   </BuildAction>
   <TestAction
      buildConfiguration = "Debug"
      selectedDebuggerIdentifier = "Xcode.DebuggerFoundation.Debugger.LLDB"
      selectedLauncherIdentifier = "Xcode.DebuggerFoundation.Launcher.LLDB"
      shouldUseLaunchSchemeArgsEnv = "YES">
      <Testables>
      </Testables>
   </TestAction>
   <LaunchAction
      buildConfiguration = "Debug"
      selectedDebuggerIdentifier = "Xcode.DebuggerFoundation.Debugger.LLDB"
      selectedLauncherIdentifier = "Xcode.DebuggerFoundation.Launcher.LLDB"
      launchStyle = "0"
      useCustomWorkingDirectory = "NO"
      ignoresPersistentStateOnLaunch = "NO"
      debugDocumentVersioning = "YES"
      debugServiceExtension = "internal"
      allowLocationSimulation = "YES">
      <BuildableProductRunnable
         runnableDebuggingMode = "0">
         <BuildableReference
            BuildableIdentifier = "primary"
            BlueprintIdentifier = "C010C56C160AFAD9006E7D90"
            BuildableName = "Frogatto.app"
            BlueprintName = "Frogatto"
            ReferencedContainer = "container:Frogatto.xcodeproj">
         </BuildableReference>
      </BuildableProductRunnable>
      <CommandLineArguments>
         <CommandLineArgument
            argument = "--width=800 --height=600"
            isEnabled = "YES">
         </CommandLineArgument>
         <CommandLineArgument
            argument = "--edit"
            isEnabled = "NO">
         </CommandLineArgument>
         <CommandLineArgument
            argument = "--module=empty_test_module"
            isEnabled = "NO">
         </CommandLineArgument>
         <CommandLineArgument
            argument = "--ffl_vm=false"
            isEnabled = "NO">
         </CommandLineArgument>
         <CommandLineArgument
            argument = "--options"
            isEnabled = "NO">
         </CommandLineArgument>
         <CommandLineArgument
            argument = "--module=a-ducks-wanderings"
            isEnabled = "NO">
         </CommandLineArgument>
         <CommandLineArgument
            argument = "--tests"
            isEnabled = "NO">
         </CommandLineArgument>
         <CommandLineArgument
            argument = "--level forgotten-falls.cfg"
            isEnabled = "NO">
         </CommandLineArgument>
         <CommandLineArgument
            argument = "--level conveyance.cfg"
            isEnabled = "NO">
         </CommandLineArgument>
         <CommandLineArgument
            argument = "--fps"
            isEnabled = "NO">
         </CommandLineArgument>
         <CommandLineArgument
            argument = "--show-hitboxes"
            isEnabled = "NO">
         </CommandLineArgument>
         <CommandLineArgument
            argument = "--low_end_system=true"
            isEnabled = "NO">
         </CommandLineArgument>
         <CommandLineArgument
            argument = "--level moth-boss.cfg"
            isEnabled = "NO">
         </CommandLineArgument>
         <CommandLineArgument
            argument = "--level rocky-roots.cfg"
            isEnabled = "NO">
         </CommandLineArgument>
         <CommandLineArgument
            argument = "--level ignominious-interlude.cfg"
            isEnabled = "NO">
         </CommandLineArgument>
         <CommandLineArgument
            argument = "--level rocky-road-house-inside.cfg"
            isEnabled = "NO">
         </CommandLineArgument>
         <CommandLineArgument
            argument = "--level pinecone-park.cfg"
            isEnabled = "NO">
         </CommandLineArgument>
         <CommandLineArgument
            argument = "--level moth-boss.cfg"
            isEnabled = "NO">
         </CommandLineArgument>
         <CommandLineArgument
            argument = "--level test.cfg"
            isEnabled = "YES">
         </CommandLineArgument>
         <CommandLineArgument
            argument = "--level test2.cfg"
            isEnabled = "NO">
         </CommandLineArgument>
         <CommandLineArgument
            argument = "--level rock-a-fort-cave.cfg"
            isEnabled = "NO">
         </CommandLineArgument>
         <CommandLineArgument
            argument = "--level test-liquids.cfg"
            isEnabled = "NO">
         </CommandLineArgument>
         <CommandLineArgument
            argument = "--level test-liquids-mini-whitewater.cfg"
            isEnabled = "NO">
         </CommandLineArgument>
         <CommandLineArgument
            argument = "--level secluded-hut.cfg"
            isEnabled = "NO">
         </CommandLineArgument>
         <CommandLineArgument
            argument = "--level wandering-passage.cfg"
            isEnabled = "NO">
         </CommandLineArgument>
         <CommandLineArgument
            argument = "--level crevice-village.cfg"
            isEnabled = "NO">
         </CommandLineArgument>
         <CommandLineArgument
            argument = "--level crevice-village-central.cfg"
            isEnabled = "NO">
         </CommandLineArgument>
         <CommandLineArgument
            argument = "--level crevice-village-house-2-basement.cfg"
            isEnabled = "NO">
         </CommandLineArgument>
         <CommandLineArgument
            argument = "--level crevice-village-house-2.cfg"
            isEnabled = "NO">
         </CommandLineArgument>
         <CommandLineArgument
            argument = "--level crevice-village-heights.cfg"
            isEnabled = "NO">
         </CommandLineArgument>
         <CommandLineArgument
            argument = "--level crevice-village-house-elder.cfg"
            isEnabled = "NO">
         </CommandLineArgument>
         <CommandLineArgument
            argument = "--level grassy-path.cfg"
            isEnabled = "NO">
         </CommandLineArgument>
         <CommandLineArgument
            argument = "--level musty-pit.cfg"
            isEnabled = "NO">
         </CommandLineArgument>
         <CommandLineArgument
            argument = "--level prosperas-promontory.cfg"
            isEnabled = "NO">
         </CommandLineArgument>
         <CommandLineArgument
            argument = "--level glowing-gate.cfg"
            isEnabled = "NO">
         </CommandLineArgument>
         <CommandLineArgument
            argument = "--level prosperas-workshop.cfg"
            isEnabled = "NO">
         </CommandLineArgument>
         <CommandLineArgument
            argument = "--level milgrams-basement-junction.cfg"
            isEnabled = "NO">
         </CommandLineArgument>
         <CommandLineArgument
            argument = "--level tempo-village.cfg"
            isEnabled = "NO">
         </CommandLineArgument>
         <CommandLineArgument
            argument = "--level dungeon-crawling.cfg"
            isEnabled = "NO">
         </CommandLineArgument>
         <CommandLineArgument
            argument = "--level caustic-cauchemar.cfg"
            isEnabled = "NO">
         </CommandLineArgument>
         <CommandLineArgument
            argument = "--level dungeon-blocks.cfg"
            isEnabled = "NO">
         </CommandLineArgument>
         <CommandLineArgument
            argument = "--level dungeon-entrance.cfg"
            isEnabled = "NO">
         </CommandLineArgument>
         <CommandLineArgument
            argument = "--level nenes-basement.cfg"
            isEnabled = "NO">
         </CommandLineArgument>
         <CommandLineArgument
            argument = "--level to-nenes-house.cfg"
            isEnabled = "NO">
         </CommandLineArgument>
         <CommandLineArgument
            argument = "--level kitty-dormitory.cfg"
            isEnabled = "NO">
         </CommandLineArgument>
         <CommandLineArgument
            argument = "--level to-nenes-house-inside.cfg"
            isEnabled = "NO">
         </CommandLineArgument>
         <CommandLineArgument
            argument = "--level crevice-village-cave.cfg"
            isEnabled = "NO">
         </CommandLineArgument>
         <CommandLineArgument
            argument = "--level killer-bunnies.cfg"
            isEnabled = "NO">
         </CommandLineArgument>
         <CommandLineArgument
            argument = "--level tempo-docks.cfg"
            isEnabled = "NO">
         </CommandLineArgument>
         <CommandLineArgument
            argument = "--level tempo-bridge.cfg"
            isEnabled = "NO">
         </CommandLineArgument>
         <CommandLineArgument
            argument = "--level tempo-village.cfg"
            isEnabled = "NO">
         </CommandLineArgument>
         <CommandLineArgument
            argument = "--level tempo-village-house-store.cfg"
            isEnabled = "NO">
         </CommandLineArgument>
         <CommandLineArgument
            argument = "--level rocky-road-house-inside.cfg"
            isEnabled = "NO">
         </CommandLineArgument>
         <CommandLineArgument
            argument = "--level tempo-village-house-1.cfg"
            isEnabled = "NO">
         </CommandLineArgument>
         <CommandLineArgument
            argument = "--level rocky-road.cfg"
            isEnabled = "NO">
         </CommandLineArgument>
         <CommandLineArgument
            argument = "--level grassy-path.cfg"
            isEnabled = "NO">
         </CommandLineArgument>
         <CommandLineArgument
            argument = "--level turgid-turn.cfg"
            isEnabled = "NO">
         </CommandLineArgument>
         <CommandLineArgument
            argument = "--level wearisome-wetlands.cfg"
            isEnabled = "NO">
         </CommandLineArgument>
         <CommandLineArgument
            argument = "--supes"
            isEnabled = "NO">
         </CommandLineArgument>
         <CommandLineArgument
            argument = "--level cragland.cfg"
            isEnabled = "NO">
         </CommandLineArgument>
         <CommandLineArgument
            argument = "--level bombing-fools.cfg"
            isEnabled = "NO">
         </CommandLineArgument>
         <CommandLineArgument
            argument = "--level celadon-clearing.cfg"
            isEnabled = "NO">
         </CommandLineArgument>
         <CommandLineArgument
            argument = "--level rusted-gateway.cfg"
            isEnabled = "NO">
         </CommandLineArgument>
         <CommandLineArgument
            argument = "--level blind-alley.cfg"
            isEnabled = "NO">
         </CommandLineArgument>
         <CommandLineArgument
            argument = "--level bay-overlook.cfg"
            isEnabled = "NO">
         </CommandLineArgument>
         <CommandLineArgument
            argument = "--level lighthouse-ruins.cfg"
            isEnabled = "NO">
         </CommandLineArgument>
         <CommandLineArgument
            argument = "--level cragland-catwalk.cfg"
            isEnabled = "NO">
         </CommandLineArgument>
         <CommandLineArgument
            argument = "--level putrid-pools.cfg"
            isEnabled = "NO">
         </CommandLineArgument>
         <CommandLineArgument
            argument = "--level dark-corridor.cfg"
            isEnabled = "NO">
         </CommandLineArgument>
         <CommandLineArgument
            argument = "--level twisted-trees.cfg"
            isEnabled = "NO">
         </CommandLineArgument>
         <CommandLineArgument
            argument = "--level gazer-boss-enclave.cfg"
            isEnabled = "NO">
         </CommandLineArgument>
         <CommandLineArgument
            argument = "--level frogatto-grotto.cfg"
            isEnabled = "NO">
         </CommandLineArgument>
         <CommandLineArgument
            argument = "--level secluded-hut.cfg"
            isEnabled = "NO">
         </CommandLineArgument>
         <CommandLineArgument
            argument = "--level corrosive-climb.cfg"
            isEnabled = "NO">
         </CommandLineArgument>
         <CommandLineArgument
            argument = "--level sweltering-swamp.cfg"
            isEnabled = "NO">
         </CommandLineArgument>
         <CommandLineArgument
            argument = "--level burning-stone.cfg"
            isEnabled = "NO">
         </CommandLineArgument>
         <CommandLineArgument
            argument = "--hax"
            isEnabled = "NO">
         </CommandLineArgument>
         <CommandLineArgument
            argument = "--level splash-hop.cfg"
            isEnabled = "NO">
         </CommandLineArgument>
         <CommandLineArgument
            argument = "--level test-liquids-mini-whitewater.cfg"
            isEnabled = "NO">
         </CommandLineArgument>
      </CommandLineArguments>
   </LaunchAction>
   <ProfileAction
      buildConfiguration = "Release"
      shouldUseLaunchSchemeArgsEnv = "YES"
      savedToolIdentifier = ""
      useCustomWorkingDirectory = "NO"
      debugDocumentVersioning = "YES">
      <BuildableProductRunnable
         runnableDebuggingMode = "0">
         <BuildableReference
            BuildableIdentifier = "primary"
            BlueprintIdentifier = "C010C56C160AFAD9006E7D90"
            BuildableName = "Frogatto.app"
            BlueprintName = "Frogatto"
            ReferencedContainer = "container:Frogatto.xcodeproj">
         </BuildableReference>
      </BuildableProductRunnable>
   </ProfileAction>
   <AnalyzeAction
      buildConfiguration = "Debug">
   </AnalyzeAction>
   <ArchiveAction
      buildConfiguration = "Release"
      revealArchiveInOrganizer = "YES">
   </ArchiveAction>
</Scheme>
